// !$*UTF8*$!
{
	archiveVersion = 1;
	classes = {
	};
	objectVersion = 46;
	objects = {

/* Begin PBXBuildFile section */
		366EB8A61C59DAE900466CCE /* SettingsPageVC.m in Sources */ = {isa = PBXBuildFile; fileRef = 366EB8A51C59DAE900466CCE /* SettingsPageVC.m */; };
		555BBCEE1C0AA1D200E262F9 /* ResetPasswordOTPVC.m in Sources */ = {isa = PBXBuildFile; fileRef = 555BBCED1C0AA1D200E262F9 /* ResetPasswordOTPVC.m */; };
		555BBCF11C0AA25200E262F9 /* SignUpPage1VC.m in Sources */ = {isa = PBXBuildFile; fileRef = 555BBCF01C0AA25200E262F9 /* SignUpPage1VC.m */; };
		555BBCF41C0AA27700E262F9 /* SignUpPage2VC.m in Sources */ = {isa = PBXBuildFile; fileRef = 555BBCF31C0AA27700E262F9 /* SignUpPage2VC.m */; };
		555BBCFE1C0AA5DC00E262F9 /* HomePageVC.m in Sources */ = {isa = PBXBuildFile; fileRef = 555BBCFD1C0AA5DC00E262F9 /* HomePageVC.m */; };
		55BFD1391C0979BE00A07A75 /* LoginPageVC.m in Sources */ = {isa = PBXBuildFile; fileRef = 55BFD1381C0979BE00A07A75 /* LoginPageVC.m */; };
		55C674E11C09D92D005AD9E5 /* JoinNowVC.m in Sources */ = {isa = PBXBuildFile; fileRef = 55C674E01C09D92D005AD9E5 /* JoinNowVC.m */; };
		55C674E31C09D986005AD9E5 /* QuartzCore.framework in Frameworks */ = {isa = PBXBuildFile; fileRef = 55C674E21C09D986005AD9E5 /* QuartzCore.framework */; };
		55D352D51C0B441C008CCEC1 /* QuestionsPageVC.m in Sources */ = {isa = PBXBuildFile; fileRef = 55D352D41C0B441C008CCEC1 /* QuestionsPageVC.m */; };
		55D352D81C0B4485008CCEC1 /* ProfilePageVC.m in Sources */ = {isa = PBXBuildFile; fileRef = 55D352D71C0B4485008CCEC1 /* ProfilePageVC.m */; };
		55D352DB1C0B45E1008CCEC1 /* AppointmentPageVC.m in Sources */ = {isa = PBXBuildFile; fileRef = 55D352DA1C0B45E1008CCEC1 /* AppointmentPageVC.m */; };
		55D352DE1C0B461E008CCEC1 /* NotificationsPageVC.m in Sources */ = {isa = PBXBuildFile; fileRef = 55D352DD1C0B461E008CCEC1 /* NotificationsPageVC.m */; };
		55D60D831C08B94600963D5D /* main.m in Sources */ = {isa = PBXBuildFile; fileRef = 55D60D821C08B94600963D5D /* main.m */; };
		55D60D861C08B94600963D5D /* AppDelegate.m in Sources */ = {isa = PBXBuildFile; fileRef = 55D60D851C08B94600963D5D /* AppDelegate.m */; };
		55D60D8C1C08B94600963D5D /* Main.storyboard in Resources */ = {isa = PBXBuildFile; fileRef = 55D60D8A1C08B94600963D5D /* Main.storyboard */; };
		55D60D8E1C08B94600963D5D /* Assets.xcassets in Resources */ = {isa = PBXBuildFile; fileRef = 55D60D8D1C08B94600963D5D /* Assets.xcassets */; };
		55D60D911C08B94600963D5D /* LaunchScreen.storyboard in Resources */ = {isa = PBXBuildFile; fileRef = 55D60D8F1C08B94600963D5D /* LaunchScreen.storyboard */; };
		55D60D9C1C08B94700963D5D /* MAATests.m in Sources */ = {isa = PBXBuildFile; fileRef = 55D60D9B1C08B94700963D5D /* MAATests.m */; };
		55D60DA71C08B94700963D5D /* MAAUITests.m in Sources */ = {isa = PBXBuildFile; fileRef = 55D60DA61C08B94700963D5D /* MAAUITests.m */; };
		55EAC8431C0A052D00F31280 /* ForgotpasswordVC.m in Sources */ = {isa = PBXBuildFile; fileRef = 55EAC8421C0A052D00F31280 /* ForgotpasswordVC.m */; };
		55EAC8461C0A09CE00F31280 /* field__white_box2@2x.png in Resources */ = {isa = PBXBuildFile; fileRef = 55EAC8441C0A09CE00F31280 /* field__white_box2@2x.png */; };
		55EAC8471C0A09CE00F31280 /* field_white_box@2x.png in Resources */ = {isa = PBXBuildFile; fileRef = 55EAC8451C0A09CE00F31280 /* field_white_box@2x.png */; };
		7C0981D81C1E661600B1BE99 /* SearchResultsVC.m in Sources */ = {isa = PBXBuildFile; fileRef = 7C0981D71C1E661600B1BE99 /* SearchResultsVC.m */; };
		7C29EE7A1C1A72B400A9481E /* SearchTVC.m in Sources */ = {isa = PBXBuildFile; fileRef = 7C29EE791C1A72B400A9481E /* SearchTVC.m */; };
		7C3682D61C2FFAFE002F31FA /* 2.jpg in Resources */ = {isa = PBXBuildFile; fileRef = 7C3682D51C2FFAFE002F31FA /* 2.jpg */; };
		7C840B681C19FF9B0044C99A /* SearchVC.m in Sources */ = {isa = PBXBuildFile; fileRef = 7C840B671C19FF9B0044C99A /* SearchVC.m */; };
		7C8AD8561C18A8FC00C4E3BD /* HomePageCVC.m in Sources */ = {isa = PBXBuildFile; fileRef = 7C8AD8551C18A8FC00C4E3BD /* HomePageCVC.m */; };
		7C8AD8641C18BBA500C4E3BD /* 4.png in Resources */ = {isa = PBXBuildFile; fileRef = 7C8AD85B1C18BBA500C4E3BD /* 4.png */; };
		7C8AD8651C18BBA500C4E3BD /* 5.png in Resources */ = {isa = PBXBuildFile; fileRef = 7C8AD85C1C18BBA500C4E3BD /* 5.png */; };
		7C9FF5531C1F4D2400C72512 /* 1.png in Resources */ = {isa = PBXBuildFile; fileRef = 7C9FF5521C1F4D2400C72512 /* 1.png */; };
		7C9FF5561C1F5F9A00C72512 /* SearchFilterVC.m in Sources */ = {isa = PBXBuildFile; fileRef = 7C9FF5551C1F5F9A00C72512 /* SearchFilterVC.m */; };
		7CB682A81C38FF4300AC1F90 /* Players.png in Resources */ = {isa = PBXBuildFile; fileRef = 7CB682A51C38FF4300AC1F90 /* Players.png */; };
		7CB682A91C38FF4300AC1F90 /* Players@2x.png in Resources */ = {isa = PBXBuildFile; fileRef = 7CB682A61C38FF4300AC1F90 /* Players@2x.png */; };
		7CB682AA1C38FF4300AC1F90 /* Players@3x.png in Resources */ = {isa = PBXBuildFile; fileRef = 7CB682A71C38FF4300AC1F90 /* Players@3x.png */; };
		7CB682AB1C3908A900AC1F90 /* libCLToolKit.a in Frameworks */ = {isa = PBXBuildFile; fileRef = C0BE97B11C24862D0037E328 /* libCLToolKit.a */; };
		7CF40FE91C1D77610020EE33 /* block1@2x.png in Resources */ = {isa = PBXBuildFile; fileRef = 7CF40FE81C1D77600020EE33 /* block1@2x.png */; };
		7CF6480B1C1F36F5007DA73F /* SearchResultsTVC.m in Sources */ = {isa = PBXBuildFile; fileRef = 7CF6480A1C1F36F5007DA73F /* SearchResultsTVC.m */; };
		9F5E727B1C38338B00B86477 /* HospitalProfile.m in Sources */ = {isa = PBXBuildFile; fileRef = 9F5E727A1C38338B00B86477 /* HospitalProfile.m */; };
		9F6BF53E1C396AB1006FB97A /* DoctorFirstTabTVC.m in Sources */ = {isa = PBXBuildFile; fileRef = 9F6BF5391C396AB1006FB97A /* DoctorFirstTabTVC.m */; };
		9F6BF5401C396AB1006FB97A /* DoctorThirdTabTVC.m in Sources */ = {isa = PBXBuildFile; fileRef = 9F6BF53D1C396AB1006FB97A /* DoctorThirdTabTVC.m */; };
		9F6BF54A1C396AC8006FB97A /* HospitalFirstTabTVC.m in Sources */ = {isa = PBXBuildFile; fileRef = 9F6BF5441C396AC8006FB97A /* HospitalFirstTabTVC.m */; };
		9F6BF54B1C396AC8006FB97A /* HospitalSecondTabTVC.m in Sources */ = {isa = PBXBuildFile; fileRef = 9F6BF5461C396AC8006FB97A /* HospitalSecondTabTVC.m */; };
		9F6BF54C1C396AC8006FB97A /* HospitalThirdTabTVC.m in Sources */ = {isa = PBXBuildFile; fileRef = 9F6BF5481C396AC8006FB97A /* HospitalThirdTabTVC.m */; };
		9F9878EE1C49BE0400DE68A9 /* DoctorConsultingTimingTVC.m in Sources */ = {isa = PBXBuildFile; fileRef = 9F9878ED1C49BE0300DE68A9 /* DoctorConsultingTimingTVC.m */; };
		9F9878F11C49BE2D00DE68A9 /* HospitalAboutTVC.m in Sources */ = {isa = PBXBuildFile; fileRef = 9F9878F01C49BE2D00DE68A9 /* HospitalAboutTVC.m */; };
		9F991C5B1C5A1C5400F92C11 /* homepage_doctorViewController.m in Sources */ = {isa = PBXBuildFile; fileRef = 9F991C511C5A1C5400F92C11 /* homepage_doctorViewController.m */; };
		9F991C5C1C5A1C5400F92C11 /* student.m in Sources */ = {isa = PBXBuildFile; fileRef = 9F991C531C5A1C5400F92C11 /* student.m */; };
		9F991C5D1C5A1C5400F92C11 /* doctor_dash_xib.xib in Resources */ = {isa = PBXBuildFile; fileRef = 9F991C541C5A1C5400F92C11 /* doctor_dash_xib.xib */; };
		9F991C5E1C5A1C5400F92C11 /* doct_dashCollectionViewCell.m in Sources */ = {isa = PBXBuildFile; fileRef = 9F991C561C5A1C5400F92C11 /* doct_dashCollectionViewCell.m */; };
		9F991C5F1C5A1C5400F92C11 /* doctorReviewsViewController.m in Sources */ = {isa = PBXBuildFile; fileRef = 9F991C581C5A1C5400F92C11 /* doctorReviewsViewController.m */; };
		9F991C601C5A1C5400F92C11 /* search.xib in Resources */ = {isa = PBXBuildFile; fileRef = 9F991C591C5A1C5400F92C11 /* search.xib */; };
		9F991C611C5A1C5400F92C11 /* bin.png in Resources */ = {isa = PBXBuildFile; fileRef = 9F991C5A1C5A1C5400F92C11 /* bin.png */; };
		9FA914AE1C3797FB00BDCB5D /* DoctorProfileVC.m in Sources */ = {isa = PBXBuildFile; fileRef = 9FA914AD1C3797FB00BDCB5D /* DoctorProfileVC.m */; };
		9FC62CE91C5725E200AF3EA3 /* DoctorServicesHV.m in Sources */ = {isa = PBXBuildFile; fileRef = 9FC62CE81C5725E200AF3EA3 /* DoctorServicesHV.m */; };
		9FC62CEE1C57267D00AF3EA3 /* DoctorServicesHV.xib in Resources */ = {isa = PBXBuildFile; fileRef = 9FC62CED1C57267D00AF3EA3 /* DoctorServicesHV.xib */; };
		C05F4B651C5A94A300CCB6D9 /* SettingsTableViewCell.m in Sources */ = {isa = PBXBuildFile; fileRef = C05F4B641C5A94A300CCB6D9 /* SettingsTableViewCell.m */; };
		C086ED021C285D25009DF69F /* CoreData.framework in Frameworks */ = {isa = PBXBuildFile; fileRef = C086ED011C285D25009DF69F /* CoreData.framework */; };
		C086ED041C285D30009DF69F /* MobileCoreServices.framework in Frameworks */ = {isa = PBXBuildFile; fileRef = C086ED031C285D30009DF69F /* MobileCoreServices.framework */; };
		C086ED061C285D3D009DF69F /* SystemConfiguration.framework in Frameworks */ = {isa = PBXBuildFile; fileRef = C086ED051C285D3D009DF69F /* SystemConfiguration.framework */; };
		C086ED1B1C287364009DF69F /* EmailSentVC.m in Sources */ = {isa = PBXBuildFile; fileRef = C086ED1A1C287364009DF69F /* EmailSentVC.m */; };
		C086ED211C28748D009DF69F /* OTPVerificationSuccessfulViewController.m in Sources */ = {isa = PBXBuildFile; fileRef = C086ED201C28748D009DF69F /* OTPVerificationSuccessfulViewController.m */; };
		C086ED241C287546009DF69F /* ResetPasswordVC.m in Sources */ = {isa = PBXBuildFile; fileRef = C086ED231C287546009DF69F /* ResetPasswordVC.m */; };
		C0871FC81C5CAD8700E29E87 /* HealthProfileUserPhotosCVC.m in Sources */ = {isa = PBXBuildFile; fileRef = C0871FC71C5CAD8700E29E87 /* HealthProfileUserPhotosCVC.m */; };
		C0871FCE1C5CB5C900E29E87 /* MedicalDocumantsCVC.m in Sources */ = {isa = PBXBuildFile; fileRef = C0871FCD1C5CB5C900E29E87 /* MedicalDocumantsCVC.m */; };
		C08BE7721C51525100770735 /* QuestionsTVC.m in Sources */ = {isa = PBXBuildFile; fileRef = C08BE7711C51525100770735 /* QuestionsTVC.m */; };
		C08BE77B1C5157B100770735 /* AskQuestionsVC.m in Sources */ = {isa = PBXBuildFile; fileRef = C08BE77A1C5157B100770735 /* AskQuestionsVC.m */; };
		C093DE421C4025F100DCFB44 /* DoctorPhotoCVC.m in Sources */ = {isa = PBXBuildFile; fileRef = C093DE411C4025F100DCFB44 /* DoctorPhotoCVC.m */; };
		C09BD06E1C5BDB2900D17ECF /* HealthProfileVC.m in Sources */ = {isa = PBXBuildFile; fileRef = C09BD06D1C5BDB2900D17ECF /* HealthProfileVC.m */; };
		C0BAF01A1C319DFC002F3137 /* CoreFoundation.framework in Frameworks */ = {isa = PBXBuildFile; fileRef = C0BAF0191C319DFC002F3137 /* CoreFoundation.framework */; };
		C0BAF0221C319FAD002F3137 /* CoreGraphics.framework in Frameworks */ = {isa = PBXBuildFile; fileRef = C0BAF0211C319FAD002F3137 /* CoreGraphics.framework */; };
		C0BAF0241C319FC0002F3137 /* CoreLocation.framework in Frameworks */ = {isa = PBXBuildFile; fileRef = C0BAF0231C319FC0002F3137 /* CoreLocation.framework */; };
		C0BAF0261C319FE3002F3137 /* UIKit.framework in Frameworks */ = {isa = PBXBuildFile; fileRef = C0BAF0251C319FE3002F3137 /* UIKit.framework */; };
		C0BAF0281C319FEB002F3137 /* Foundation.framework in Frameworks */ = {isa = PBXBuildFile; fileRef = C0BAF0271C319FEB002F3137 /* Foundation.framework */; };
		C0BAF02A1C31A005002F3137 /* CoreTelephony.framework in Frameworks */ = {isa = PBXBuildFile; fileRef = C0BAF0291C31A005002F3137 /* CoreTelephony.framework */; };
		C0BAF02F1C31A175002F3137 /* libNetworkHandler.a in Frameworks */ = {isa = PBXBuildFile; fileRef = C0BAF02C1C31A175002F3137 /* libNetworkHandler.a */; };
		C0BCBB541C592320003F7872 /* DoctorServicesTVC.m in Sources */ = {isa = PBXBuildFile; fileRef = C0BCBB521C592320003F7872 /* DoctorServicesTVC.m */; };
		C0BCBB551C592320003F7872 /* DoctorServicesTVC.xib in Resources */ = {isa = PBXBuildFile; fileRef = C0BCBB531C592320003F7872 /* DoctorServicesTVC.xib */; };
		C0BCBB5A1C59377A003F7872 /* fc_right.png in Resources */ = {isa = PBXBuildFile; fileRef = C0BCBB591C59377A003F7872 /* fc_right.png */; };
		C0BCBB5E1C593F82003F7872 /* angle-right.png in Resources */ = {isa = PBXBuildFile; fileRef = C0BCBB5D1C593F82003F7872 /* angle-right.png */; };
		C0BCBB631C59405D003F7872 /* angle-down.png in Resources */ = {isa = PBXBuildFile; fileRef = C0BCBB621C59405D003F7872 /* angle-down.png */; };
		C0BE979D1C2485510037E328 /* MBProgressHUD.m in Sources */ = {isa = PBXBuildFile; fileRef = C0BE979C1C2485510037E328 /* MBProgressHUD.m */; };
		C0BE97B91C24870D0037E328 /* libCLFacebookHandler.a in Frameworks */ = {isa = PBXBuildFile; fileRef = C0BE97A51C2485C40037E328 /* libCLFacebookHandler.a */; };
		C0BE97BD1C2487250037E328 /* FBSDKCoreKit.framework in Frameworks */ = {isa = PBXBuildFile; fileRef = C0BE97BB1C2487250037E328 /* FBSDKCoreKit.framework */; };
		C0BE97BE1C2487250037E328 /* FBSDKLoginKit.framework in Frameworks */ = {isa = PBXBuildFile; fileRef = C0BE97BC1C2487250037E328 /* FBSDKLoginKit.framework */; };
		C0E608D01C44167F0027650B /* AppointmentTVC.m in Sources */ = {isa = PBXBuildFile; fileRef = C0E608CF1C44167F0027650B /* AppointmentTVC.m */; };
/* End PBXBuildFile section */

/* Begin PBXContainerItemProxy section */
		55D60D981C08B94700963D5D /* PBXContainerItemProxy */ = {
			isa = PBXContainerItemProxy;
			containerPortal = 55D60D761C08B94600963D5D /* Project object */;
			proxyType = 1;
			remoteGlobalIDString = 55D60D7D1C08B94600963D5D;
			remoteInfo = MAA;
		};
		55D60DA31C08B94700963D5D /* PBXContainerItemProxy */ = {
			isa = PBXContainerItemProxy;
			containerPortal = 55D60D761C08B94600963D5D /* Project object */;
			proxyType = 1;
			remoteGlobalIDString = 55D60D7D1C08B94600963D5D;
			remoteInfo = MAA;
		};
		C0BE97A41C2485C40037E328 /* PBXContainerItemProxy */ = {
			isa = PBXContainerItemProxy;
			containerPortal = C0BE979F1C2485C40037E328 /* CLFacebookHandler.xcodeproj */;
			proxyType = 2;
			remoteGlobalIDString = F16D1B801AB183D300967C5D;
			remoteInfo = CLFacebookHandler;
		};
		C0BE97A61C2485C40037E328 /* PBXContainerItemProxy */ = {
			isa = PBXContainerItemProxy;
			containerPortal = C0BE979F1C2485C40037E328 /* CLFacebookHandler.xcodeproj */;
			proxyType = 2;
			remoteGlobalIDString = F16D1B8B1AB183D300967C5D;
			remoteInfo = CLFacebookHandlerTests;
		};
		C0BE97B01C24862D0037E328 /* PBXContainerItemProxy */ = {
			isa = PBXContainerItemProxy;
			containerPortal = C0BE97AA1C24862D0037E328 /* CLToolKit.xcodeproj */;
			proxyType = 2;
			remoteGlobalIDString = 0A9312AC1855CE860008D57D;
			remoteInfo = CLToolKit;
		};
/* End PBXContainerItemProxy section */

/* Begin PBXFileReference section */
		366EB8A41C59DAE900466CCE /* SettingsPageVC.h */ = {isa = PBXFileReference; fileEncoding = 4; lastKnownFileType = sourcecode.c.h; name = SettingsPageVC.h; path = "Classes/Settings Page/SettingsPageVC.h"; sourceTree = "<group>"; };
		366EB8A51C59DAE900466CCE /* SettingsPageVC.m */ = {isa = PBXFileReference; fileEncoding = 4; lastKnownFileType = sourcecode.c.objc; name = SettingsPageVC.m; path = "Classes/Settings Page/SettingsPageVC.m"; sourceTree = "<group>"; };
		555BBCEC1C0AA1D200E262F9 /* ResetPasswordOTPVC.h */ = {isa = PBXFileReference; fileEncoding = 4; lastKnownFileType = sourcecode.c.h; name = ResetPasswordOTPVC.h; path = "Classes/Reset Password by OTP/ResetPasswordOTPVC.h"; sourceTree = "<group>"; };
		555BBCED1C0AA1D200E262F9 /* ResetPasswordOTPVC.m */ = {isa = PBXFileReference; fileEncoding = 4; lastKnownFileType = sourcecode.c.objc; name = ResetPasswordOTPVC.m; path = "Classes/Reset Password by OTP/ResetPasswordOTPVC.m"; sourceTree = "<group>"; };
		555BBCEF1C0AA25200E262F9 /* SignUpPage1VC.h */ = {isa = PBXFileReference; fileEncoding = 4; lastKnownFileType = sourcecode.c.h; name = SignUpPage1VC.h; path = "Classes/Sign Up/SignUpPage1VC.h"; sourceTree = "<group>"; };
		555BBCF01C0AA25200E262F9 /* SignUpPage1VC.m */ = {isa = PBXFileReference; fileEncoding = 4; lastKnownFileType = sourcecode.c.objc; name = SignUpPage1VC.m; path = "Classes/Sign Up/SignUpPage1VC.m"; sourceTree = "<group>"; };
		555BBCF21C0AA27700E262F9 /* SignUpPage2VC.h */ = {isa = PBXFileReference; fileEncoding = 4; lastKnownFileType = sourcecode.c.h; name = SignUpPage2VC.h; path = "Classes/Sign Up/SignUpPage2VC.h"; sourceTree = "<group>"; };
		555BBCF31C0AA27700E262F9 /* SignUpPage2VC.m */ = {isa = PBXFileReference; fileEncoding = 4; lastKnownFileType = sourcecode.c.objc; name = SignUpPage2VC.m; path = "Classes/Sign Up/SignUpPage2VC.m"; sourceTree = "<group>"; };
		555BBCFC1C0AA5DC00E262F9 /* HomePageVC.h */ = {isa = PBXFileReference; fileEncoding = 4; lastKnownFileType = sourcecode.c.h; name = HomePageVC.h; path = "Classes/Home Page/HomePageVC.h"; sourceTree = "<group>"; };
		555BBCFD1C0AA5DC00E262F9 /* HomePageVC.m */ = {isa = PBXFileReference; fileEncoding = 4; lastKnownFileType = sourcecode.c.objc; name = HomePageVC.m; path = "Classes/Home Page/HomePageVC.m"; sourceTree = "<group>"; };
		55BFD1371C0979BE00A07A75 /* LoginPageVC.h */ = {isa = PBXFileReference; fileEncoding = 4; lastKnownFileType = sourcecode.c.h; name = LoginPageVC.h; path = Classes/Login/LoginPageVC.h; sourceTree = "<group>"; };
		55BFD1381C0979BE00A07A75 /* LoginPageVC.m */ = {isa = PBXFileReference; fileEncoding = 4; lastKnownFileType = sourcecode.c.objc; name = LoginPageVC.m; path = Classes/Login/LoginPageVC.m; sourceTree = "<group>"; };
		55C674DF1C09D92D005AD9E5 /* JoinNowVC.h */ = {isa = PBXFileReference; fileEncoding = 4; lastKnownFileType = sourcecode.c.h; name = JoinNowVC.h; path = "Classes/Join Now/JoinNowVC.h"; sourceTree = "<group>"; };
		55C674E01C09D92D005AD9E5 /* JoinNowVC.m */ = {isa = PBXFileReference; fileEncoding = 4; lastKnownFileType = sourcecode.c.objc; name = JoinNowVC.m; path = "Classes/Join Now/JoinNowVC.m"; sourceTree = "<group>"; };
		55C674E21C09D986005AD9E5 /* QuartzCore.framework */ = {isa = PBXFileReference; lastKnownFileType = wrapper.framework; name = QuartzCore.framework; path = System/Library/Frameworks/QuartzCore.framework; sourceTree = SDKROOT; };
		55D352D31C0B441C008CCEC1 /* QuestionsPageVC.h */ = {isa = PBXFileReference; fileEncoding = 4; lastKnownFileType = sourcecode.c.h; name = QuestionsPageVC.h; path = "Classes/Questions Page/QuestionsPageVC.h"; sourceTree = "<group>"; };
		55D352D41C0B441C008CCEC1 /* QuestionsPageVC.m */ = {isa = PBXFileReference; fileEncoding = 4; lastKnownFileType = sourcecode.c.objc; name = QuestionsPageVC.m; path = "Classes/Questions Page/QuestionsPageVC.m"; sourceTree = "<group>"; };
		55D352D61C0B4485008CCEC1 /* ProfilePageVC.h */ = {isa = PBXFileReference; fileEncoding = 4; lastKnownFileType = sourcecode.c.h; name = ProfilePageVC.h; path = "Classes/Profile Page/ProfilePageVC.h"; sourceTree = "<group>"; };
		55D352D71C0B4485008CCEC1 /* ProfilePageVC.m */ = {isa = PBXFileReference; fileEncoding = 4; lastKnownFileType = sourcecode.c.objc; name = ProfilePageVC.m; path = "Classes/Profile Page/ProfilePageVC.m"; sourceTree = "<group>"; };
		55D352D91C0B45E1008CCEC1 /* AppointmentPageVC.h */ = {isa = PBXFileReference; fileEncoding = 4; lastKnownFileType = sourcecode.c.h; name = AppointmentPageVC.h; path = "Classes/Appointment Page/AppointmentPageVC.h"; sourceTree = "<group>"; };
		55D352DA1C0B45E1008CCEC1 /* AppointmentPageVC.m */ = {isa = PBXFileReference; fileEncoding = 4; lastKnownFileType = sourcecode.c.objc; name = AppointmentPageVC.m; path = "Classes/Appointment Page/AppointmentPageVC.m"; sourceTree = "<group>"; };
		55D352DC1C0B461E008CCEC1 /* NotificationsPageVC.h */ = {isa = PBXFileReference; fileEncoding = 4; lastKnownFileType = sourcecode.c.h; name = NotificationsPageVC.h; path = "Classes/Notifications Page/NotificationsPageVC.h"; sourceTree = "<group>"; };
		55D352DD1C0B461E008CCEC1 /* NotificationsPageVC.m */ = {isa = PBXFileReference; fileEncoding = 4; lastKnownFileType = sourcecode.c.objc; name = NotificationsPageVC.m; path = "Classes/Notifications Page/NotificationsPageVC.m"; sourceTree = "<group>"; };
		55D60D7E1C08B94600963D5D /* MAA.app */ = {isa = PBXFileReference; explicitFileType = wrapper.application; includeInIndex = 0; path = MAA.app; sourceTree = BUILT_PRODUCTS_DIR; };
		55D60D821C08B94600963D5D /* main.m */ = {isa = PBXFileReference; lastKnownFileType = sourcecode.c.objc; path = main.m; sourceTree = "<group>"; };
		55D60D841C08B94600963D5D /* AppDelegate.h */ = {isa = PBXFileReference; lastKnownFileType = sourcecode.c.h; path = AppDelegate.h; sourceTree = "<group>"; };
		55D60D851C08B94600963D5D /* AppDelegate.m */ = {isa = PBXFileReference; lastKnownFileType = sourcecode.c.objc; path = AppDelegate.m; sourceTree = "<group>"; };
		55D60D8B1C08B94600963D5D /* Base */ = {isa = PBXFileReference; lastKnownFileType = file.storyboard; name = Base; path = Base.lproj/Main.storyboard; sourceTree = "<group>"; };
		55D60D8D1C08B94600963D5D /* Assets.xcassets */ = {isa = PBXFileReference; lastKnownFileType = folder.assetcatalog; path = Assets.xcassets; sourceTree = "<group>"; };
		55D60D901C08B94600963D5D /* Base */ = {isa = PBXFileReference; lastKnownFileType = file.storyboard; name = Base; path = Base.lproj/LaunchScreen.storyboard; sourceTree = "<group>"; };
		55D60D921C08B94600963D5D /* Info.plist */ = {isa = PBXFileReference; lastKnownFileType = text.plist.xml; path = Info.plist; sourceTree = "<group>"; };
		55D60D971C08B94700963D5D /* MAATests.xctest */ = {isa = PBXFileReference; explicitFileType = wrapper.cfbundle; includeInIndex = 0; path = MAATests.xctest; sourceTree = BUILT_PRODUCTS_DIR; };
		55D60D9B1C08B94700963D5D /* MAATests.m */ = {isa = PBXFileReference; lastKnownFileType = sourcecode.c.objc; path = MAATests.m; sourceTree = "<group>"; };
		55D60D9D1C08B94700963D5D /* Info.plist */ = {isa = PBXFileReference; lastKnownFileType = text.plist.xml; path = Info.plist; sourceTree = "<group>"; };
		55D60DA21C08B94700963D5D /* MAAUITests.xctest */ = {isa = PBXFileReference; explicitFileType = wrapper.cfbundle; includeInIndex = 0; path = MAAUITests.xctest; sourceTree = BUILT_PRODUCTS_DIR; };
		55D60DA61C08B94700963D5D /* MAAUITests.m */ = {isa = PBXFileReference; lastKnownFileType = sourcecode.c.objc; path = MAAUITests.m; sourceTree = "<group>"; };
		55D60DA81C08B94700963D5D /* Info.plist */ = {isa = PBXFileReference; lastKnownFileType = text.plist.xml; path = Info.plist; sourceTree = "<group>"; };
		55EAC8411C0A052D00F31280 /* ForgotpasswordVC.h */ = {isa = PBXFileReference; fileEncoding = 4; lastKnownFileType = sourcecode.c.h; name = ForgotpasswordVC.h; path = "Classes/Forgot Password/ForgotpasswordVC.h"; sourceTree = "<group>"; };
		55EAC8421C0A052D00F31280 /* ForgotpasswordVC.m */ = {isa = PBXFileReference; fileEncoding = 4; lastKnownFileType = sourcecode.c.objc; name = ForgotpasswordVC.m; path = "Classes/Forgot Password/ForgotpasswordVC.m"; sourceTree = "<group>"; };
		55EAC8441C0A09CE00F31280 /* field__white_box2@2x.png */ = {isa = PBXFileReference; lastKnownFileType = image.png; path = "field__white_box2@2x.png"; sourceTree = "<group>"; };
		55EAC8451C0A09CE00F31280 /* field_white_box@2x.png */ = {isa = PBXFileReference; lastKnownFileType = image.png; path = "field_white_box@2x.png"; sourceTree = "<group>"; };
		7C0981D61C1E661600B1BE99 /* SearchResultsVC.h */ = {isa = PBXFileReference; fileEncoding = 4; lastKnownFileType = sourcecode.c.h; name = SearchResultsVC.h; path = "Classes/Home Page/Search Results/SearchResultsVC.h"; sourceTree = "<group>"; };
		7C0981D71C1E661600B1BE99 /* SearchResultsVC.m */ = {isa = PBXFileReference; fileEncoding = 4; lastKnownFileType = sourcecode.c.objc; name = SearchResultsVC.m; path = "Classes/Home Page/Search Results/SearchResultsVC.m"; sourceTree = "<group>"; };
		7C29EE781C1A72B400A9481E /* SearchTVC.h */ = {isa = PBXFileReference; fileEncoding = 4; lastKnownFileType = sourcecode.c.h; name = SearchTVC.h; path = "Classes/Home Page/Search/SearchTVC.h"; sourceTree = "<group>"; };
		7C29EE791C1A72B400A9481E /* SearchTVC.m */ = {isa = PBXFileReference; fileEncoding = 4; lastKnownFileType = sourcecode.c.objc; name = SearchTVC.m; path = "Classes/Home Page/Search/SearchTVC.m"; sourceTree = "<group>"; };
		7C3682D51C2FFAFE002F31FA /* 2.jpg */ = {isa = PBXFileReference; lastKnownFileType = image.jpeg; path = 2.jpg; sourceTree = "<group>"; };
		7C840B661C19FF9B0044C99A /* SearchVC.h */ = {isa = PBXFileReference; fileEncoding = 4; lastKnownFileType = sourcecode.c.h; name = SearchVC.h; path = "Classes/Home Page/Search/SearchVC.h"; sourceTree = "<group>"; };
		7C840B671C19FF9B0044C99A /* SearchVC.m */ = {isa = PBXFileReference; fileEncoding = 4; lastKnownFileType = sourcecode.c.objc; name = SearchVC.m; path = "Classes/Home Page/Search/SearchVC.m"; sourceTree = "<group>"; };
		7C8AD8541C18A8FC00C4E3BD /* HomePageCVC.h */ = {isa = PBXFileReference; fileEncoding = 4; lastKnownFileType = sourcecode.c.h; name = HomePageCVC.h; path = "Classes/Home Page/HomePageCVC.h"; sourceTree = "<group>"; };
		7C8AD8551C18A8FC00C4E3BD /* HomePageCVC.m */ = {isa = PBXFileReference; fileEncoding = 4; lastKnownFileType = sourcecode.c.objc; name = HomePageCVC.m; path = "Classes/Home Page/HomePageCVC.m"; sourceTree = "<group>"; };
		7C8AD85B1C18BBA500C4E3BD /* 4.png */ = {isa = PBXFileReference; lastKnownFileType = image.png; path = 4.png; sourceTree = "<group>"; };
		7C8AD85C1C18BBA500C4E3BD /* 5.png */ = {isa = PBXFileReference; lastKnownFileType = image.png; path = 5.png; sourceTree = "<group>"; };
		7C9FF5521C1F4D2400C72512 /* 1.png */ = {isa = PBXFileReference; lastKnownFileType = image.png; path = 1.png; sourceTree = "<group>"; };
		7C9FF5541C1F5F9A00C72512 /* SearchFilterVC.h */ = {isa = PBXFileReference; fileEncoding = 4; lastKnownFileType = sourcecode.c.h; name = SearchFilterVC.h; path = "Classes/Home Page/Search Filter/SearchFilterVC.h"; sourceTree = "<group>"; };
		7C9FF5551C1F5F9A00C72512 /* SearchFilterVC.m */ = {isa = PBXFileReference; fileEncoding = 4; lastKnownFileType = sourcecode.c.objc; name = SearchFilterVC.m; path = "Classes/Home Page/Search Filter/SearchFilterVC.m"; sourceTree = "<group>"; };
		7CB682A51C38FF4300AC1F90 /* Players.png */ = {isa = PBXFileReference; lastKnownFileType = image.png; path = Players.png; sourceTree = "<group>"; };
		7CB682A61C38FF4300AC1F90 /* Players@2x.png */ = {isa = PBXFileReference; lastKnownFileType = image.png; path = "Players@2x.png"; sourceTree = "<group>"; };
		7CB682A71C38FF4300AC1F90 /* Players@3x.png */ = {isa = PBXFileReference; lastKnownFileType = image.png; path = "Players@3x.png"; sourceTree = "<group>"; };
		7CF40FE81C1D77600020EE33 /* block1@2x.png */ = {isa = PBXFileReference; lastKnownFileType = image.png; path = "block1@2x.png"; sourceTree = "<group>"; };
		7CF648091C1F36F5007DA73F /* SearchResultsTVC.h */ = {isa = PBXFileReference; fileEncoding = 4; lastKnownFileType = sourcecode.c.h; name = SearchResultsTVC.h; path = "Classes/Home Page/Search Results/SearchResultsTVC.h"; sourceTree = "<group>"; };
		7CF6480A1C1F36F5007DA73F /* SearchResultsTVC.m */ = {isa = PBXFileReference; fileEncoding = 4; lastKnownFileType = sourcecode.c.objc; name = SearchResultsTVC.m; path = "Classes/Home Page/Search Results/SearchResultsTVC.m"; sourceTree = "<group>"; };
		9F5E72791C38338B00B86477 /* HospitalProfile.h */ = {isa = PBXFileReference; fileEncoding = 4; lastKnownFileType = sourcecode.c.h; path = HospitalProfile.h; sourceTree = "<group>"; };
		9F5E727A1C38338B00B86477 /* HospitalProfile.m */ = {isa = PBXFileReference; fileEncoding = 4; lastKnownFileType = sourcecode.c.objc; path = HospitalProfile.m; sourceTree = "<group>"; };
		9F6BF5381C396AB1006FB97A /* DoctorFirstTabTVC.h */ = {isa = PBXFileReference; fileEncoding = 4; lastKnownFileType = sourcecode.c.h; path = DoctorFirstTabTVC.h; sourceTree = "<group>"; };
		9F6BF5391C396AB1006FB97A /* DoctorFirstTabTVC.m */ = {isa = PBXFileReference; fileEncoding = 4; lastKnownFileType = sourcecode.c.objc; path = DoctorFirstTabTVC.m; sourceTree = "<group>"; };
		9F6BF53C1C396AB1006FB97A /* DoctorThirdTabTVC.h */ = {isa = PBXFileReference; fileEncoding = 4; lastKnownFileType = sourcecode.c.h; path = DoctorThirdTabTVC.h; sourceTree = "<group>"; };
		9F6BF53D1C396AB1006FB97A /* DoctorThirdTabTVC.m */ = {isa = PBXFileReference; fileEncoding = 4; lastKnownFileType = sourcecode.c.objc; path = DoctorThirdTabTVC.m; sourceTree = "<group>"; };
		9F6BF5431C396AC8006FB97A /* HospitalFirstTabTVC.h */ = {isa = PBXFileReference; fileEncoding = 4; lastKnownFileType = sourcecode.c.h; path = HospitalFirstTabTVC.h; sourceTree = "<group>"; };
		9F6BF5441C396AC8006FB97A /* HospitalFirstTabTVC.m */ = {isa = PBXFileReference; fileEncoding = 4; lastKnownFileType = sourcecode.c.objc; path = HospitalFirstTabTVC.m; sourceTree = "<group>"; };
		9F6BF5451C396AC8006FB97A /* HospitalSecondTabTVC.h */ = {isa = PBXFileReference; fileEncoding = 4; lastKnownFileType = sourcecode.c.h; path = HospitalSecondTabTVC.h; sourceTree = "<group>"; };
		9F6BF5461C396AC8006FB97A /* HospitalSecondTabTVC.m */ = {isa = PBXFileReference; fileEncoding = 4; lastKnownFileType = sourcecode.c.objc; path = HospitalSecondTabTVC.m; sourceTree = "<group>"; };
		9F6BF5471C396AC8006FB97A /* HospitalThirdTabTVC.h */ = {isa = PBXFileReference; fileEncoding = 4; lastKnownFileType = sourcecode.c.h; path = HospitalThirdTabTVC.h; sourceTree = "<group>"; };
		9F6BF5481C396AC8006FB97A /* HospitalThirdTabTVC.m */ = {isa = PBXFileReference; fileEncoding = 4; lastKnownFileType = sourcecode.c.objc; path = HospitalThirdTabTVC.m; sourceTree = "<group>"; };
		9F9878EC1C49BE0300DE68A9 /* DoctorConsultingTimingTVC.h */ = {isa = PBXFileReference; fileEncoding = 4; lastKnownFileType = sourcecode.c.h; path = DoctorConsultingTimingTVC.h; sourceTree = "<group>"; };
		9F9878ED1C49BE0300DE68A9 /* DoctorConsultingTimingTVC.m */ = {isa = PBXFileReference; fileEncoding = 4; lastKnownFileType = sourcecode.c.objc; path = DoctorConsultingTimingTVC.m; sourceTree = "<group>"; };
		9F9878EF1C49BE2D00DE68A9 /* HospitalAboutTVC.h */ = {isa = PBXFileReference; fileEncoding = 4; lastKnownFileType = sourcecode.c.h; path = HospitalAboutTVC.h; sourceTree = "<group>"; };
		9F9878F01C49BE2D00DE68A9 /* HospitalAboutTVC.m */ = {isa = PBXFileReference; fileEncoding = 4; lastKnownFileType = sourcecode.c.objc; path = HospitalAboutTVC.m; sourceTree = "<group>"; };
		9F991C501C5A1C5400F92C11 /* homepage_doctorViewController.h */ = {isa = PBXFileReference; fileEncoding = 4; lastKnownFileType = sourcecode.c.h; path = homepage_doctorViewController.h; sourceTree = "<group>"; };
		9F991C511C5A1C5400F92C11 /* homepage_doctorViewController.m */ = {isa = PBXFileReference; fileEncoding = 4; lastKnownFileType = sourcecode.c.objc; path = homepage_doctorViewController.m; sourceTree = "<group>"; };
		9F991C521C5A1C5400F92C11 /* student.h */ = {isa = PBXFileReference; fileEncoding = 4; lastKnownFileType = sourcecode.c.h; path = student.h; sourceTree = "<group>"; };
		9F991C531C5A1C5400F92C11 /* student.m */ = {isa = PBXFileReference; fileEncoding = 4; lastKnownFileType = sourcecode.c.objc; path = student.m; sourceTree = "<group>"; };
		9F991C541C5A1C5400F92C11 /* doctor_dash_xib.xib */ = {isa = PBXFileReference; fileEncoding = 4; lastKnownFileType = file.xib; path = doctor_dash_xib.xib; sourceTree = "<group>"; };
		9F991C551C5A1C5400F92C11 /* doct_dashCollectionViewCell.h */ = {isa = PBXFileReference; fileEncoding = 4; lastKnownFileType = sourcecode.c.h; path = doct_dashCollectionViewCell.h; sourceTree = "<group>"; };
		9F991C561C5A1C5400F92C11 /* doct_dashCollectionViewCell.m */ = {isa = PBXFileReference; fileEncoding = 4; lastKnownFileType = sourcecode.c.objc; path = doct_dashCollectionViewCell.m; sourceTree = "<group>"; };
		9F991C571C5A1C5400F92C11 /* doctorReviewsViewController.h */ = {isa = PBXFileReference; fileEncoding = 4; lastKnownFileType = sourcecode.c.h; path = doctorReviewsViewController.h; sourceTree = "<group>"; };
		9F991C581C5A1C5400F92C11 /* doctorReviewsViewController.m */ = {isa = PBXFileReference; fileEncoding = 4; lastKnownFileType = sourcecode.c.objc; path = doctorReviewsViewController.m; sourceTree = "<group>"; };
		9F991C591C5A1C5400F92C11 /* search.xib */ = {isa = PBXFileReference; fileEncoding = 4; lastKnownFileType = file.xib; path = search.xib; sourceTree = "<group>"; };
		9F991C5A1C5A1C5400F92C11 /* bin.png */ = {isa = PBXFileReference; lastKnownFileType = image.png; path = bin.png; sourceTree = "<group>"; };
		9FA914AC1C3797FB00BDCB5D /* DoctorProfileVC.h */ = {isa = PBXFileReference; fileEncoding = 4; lastKnownFileType = sourcecode.c.h; path = DoctorProfileVC.h; sourceTree = "<group>"; };
		9FA914AD1C3797FB00BDCB5D /* DoctorProfileVC.m */ = {isa = PBXFileReference; fileEncoding = 4; lastKnownFileType = sourcecode.c.objc; path = DoctorProfileVC.m; sourceTree = "<group>"; };
		9FC62CE71C5725E200AF3EA3 /* DoctorServicesHV.h */ = {isa = PBXFileReference; fileEncoding = 4; lastKnownFileType = sourcecode.c.h; path = DoctorServicesHV.h; sourceTree = "<group>"; };
		9FC62CE81C5725E200AF3EA3 /* DoctorServicesHV.m */ = {isa = PBXFileReference; fileEncoding = 4; lastKnownFileType = sourcecode.c.objc; path = DoctorServicesHV.m; sourceTree = "<group>"; };
		9FC62CED1C57267D00AF3EA3 /* DoctorServicesHV.xib */ = {isa = PBXFileReference; fileEncoding = 4; lastKnownFileType = file.xib; path = DoctorServicesHV.xib; sourceTree = "<group>"; };
		C05F4B631C5A94A300CCB6D9 /* SettingsTableViewCell.h */ = {isa = PBXFileReference; fileEncoding = 4; lastKnownFileType = sourcecode.c.h; path = SettingsTableViewCell.h; sourceTree = "<group>"; };
		C05F4B641C5A94A300CCB6D9 /* SettingsTableViewCell.m */ = {isa = PBXFileReference; fileEncoding = 4; lastKnownFileType = sourcecode.c.objc; path = SettingsTableViewCell.m; sourceTree = "<group>"; };
		C086ECED1C285B37009DF69F /* ServiceConstants.h */ = {isa = PBXFileReference; fileEncoding = 4; lastKnownFileType = sourcecode.c.h; path = ServiceConstants.h; sourceTree = "<group>"; };
		C086ECF31C285B51009DF69F /* Constants.h */ = {isa = PBXFileReference; fileEncoding = 4; lastKnownFileType = sourcecode.c.h; path = Constants.h; sourceTree = "<group>"; };
		C086ECFD1C285BEF009DF69F /* MAA-Prefix.pch */ = {isa = PBXFileReference; lastKnownFileType = sourcecode.c.h; path = "MAA-Prefix.pch"; sourceTree = "<group>"; };
		C086ED011C285D25009DF69F /* CoreData.framework */ = {isa = PBXFileReference; lastKnownFileType = wrapper.framework; name = CoreData.framework; path = System/Library/Frameworks/CoreData.framework; sourceTree = SDKROOT; };
		C086ED031C285D30009DF69F /* MobileCoreServices.framework */ = {isa = PBXFileReference; lastKnownFileType = wrapper.framework; name = MobileCoreServices.framework; path = System/Library/Frameworks/MobileCoreServices.framework; sourceTree = SDKROOT; };
		C086ED051C285D3D009DF69F /* SystemConfiguration.framework */ = {isa = PBXFileReference; lastKnownFileType = wrapper.framework; name = SystemConfiguration.framework; path = System/Library/Frameworks/SystemConfiguration.framework; sourceTree = SDKROOT; };
		C086ED191C287364009DF69F /* EmailSentVC.h */ = {isa = PBXFileReference; fileEncoding = 4; lastKnownFileType = sourcecode.c.h; path = EmailSentVC.h; sourceTree = "<group>"; };
		C086ED1A1C287364009DF69F /* EmailSentVC.m */ = {isa = PBXFileReference; fileEncoding = 4; lastKnownFileType = sourcecode.c.objc; path = EmailSentVC.m; sourceTree = "<group>"; };
		C086ED1F1C28748D009DF69F /* OTPVerificationSuccessfulViewController.h */ = {isa = PBXFileReference; fileEncoding = 4; lastKnownFileType = sourcecode.c.h; path = OTPVerificationSuccessfulViewController.h; sourceTree = "<group>"; };
		C086ED201C28748D009DF69F /* OTPVerificationSuccessfulViewController.m */ = {isa = PBXFileReference; fileEncoding = 4; lastKnownFileType = sourcecode.c.objc; path = OTPVerificationSuccessfulViewController.m; sourceTree = "<group>"; };
		C086ED221C287546009DF69F /* ResetPasswordVC.h */ = {isa = PBXFileReference; fileEncoding = 4; lastKnownFileType = sourcecode.c.h; path = ResetPasswordVC.h; sourceTree = "<group>"; };
		C086ED231C287546009DF69F /* ResetPasswordVC.m */ = {isa = PBXFileReference; fileEncoding = 4; lastKnownFileType = sourcecode.c.objc; path = ResetPasswordVC.m; sourceTree = "<group>"; };
		C0871FC61C5CAD8700E29E87 /* HealthProfileUserPhotosCVC.h */ = {isa = PBXFileReference; fileEncoding = 4; lastKnownFileType = sourcecode.c.h; path = HealthProfileUserPhotosCVC.h; sourceTree = "<group>"; };
		C0871FC71C5CAD8700E29E87 /* HealthProfileUserPhotosCVC.m */ = {isa = PBXFileReference; fileEncoding = 4; lastKnownFileType = sourcecode.c.objc; path = HealthProfileUserPhotosCVC.m; sourceTree = "<group>"; };
		C0871FCC1C5CB5C900E29E87 /* MedicalDocumantsCVC.h */ = {isa = PBXFileReference; fileEncoding = 4; lastKnownFileType = sourcecode.c.h; path = MedicalDocumantsCVC.h; sourceTree = "<group>"; };
		C0871FCD1C5CB5C900E29E87 /* MedicalDocumantsCVC.m */ = {isa = PBXFileReference; fileEncoding = 4; lastKnownFileType = sourcecode.c.objc; path = MedicalDocumantsCVC.m; sourceTree = "<group>"; };
		C08BE7701C51525100770735 /* QuestionsTVC.h */ = {isa = PBXFileReference; fileEncoding = 4; lastKnownFileType = sourcecode.c.h; path = QuestionsTVC.h; sourceTree = "<group>"; };
		C08BE7711C51525100770735 /* QuestionsTVC.m */ = {isa = PBXFileReference; fileEncoding = 4; lastKnownFileType = sourcecode.c.objc; path = QuestionsTVC.m; sourceTree = "<group>"; };
		C08BE7791C5157B100770735 /* AskQuestionsVC.h */ = {isa = PBXFileReference; fileEncoding = 4; lastKnownFileType = sourcecode.c.h; path = AskQuestionsVC.h; sourceTree = "<group>"; };
		C08BE77A1C5157B100770735 /* AskQuestionsVC.m */ = {isa = PBXFileReference; fileEncoding = 4; lastKnownFileType = sourcecode.c.objc; path = AskQuestionsVC.m; sourceTree = "<group>"; };
		C093DE401C4025F100DCFB44 /* DoctorPhotoCVC.h */ = {isa = PBXFileReference; fileEncoding = 4; lastKnownFileType = sourcecode.c.h; path = DoctorPhotoCVC.h; sourceTree = "<group>"; };
		C093DE411C4025F100DCFB44 /* DoctorPhotoCVC.m */ = {isa = PBXFileReference; fileEncoding = 4; lastKnownFileType = sourcecode.c.objc; path = DoctorPhotoCVC.m; sourceTree = "<group>"; };
		C09BD06C1C5BDB2900D17ECF /* HealthProfileVC.h */ = {isa = PBXFileReference; fileEncoding = 4; lastKnownFileType = sourcecode.c.h; path = HealthProfileVC.h; sourceTree = "<group>"; };
		C09BD06D1C5BDB2900D17ECF /* HealthProfileVC.m */ = {isa = PBXFileReference; fileEncoding = 4; lastKnownFileType = sourcecode.c.objc; path = HealthProfileVC.m; sourceTree = "<group>"; };
		C0BAF0191C319DFC002F3137 /* CoreFoundation.framework */ = {isa = PBXFileReference; lastKnownFileType = wrapper.framework; name = CoreFoundation.framework; path = System/Library/Frameworks/CoreFoundation.framework; sourceTree = SDKROOT; };
		C0BAF0211C319FAD002F3137 /* CoreGraphics.framework */ = {isa = PBXFileReference; lastKnownFileType = wrapper.framework; name = CoreGraphics.framework; path = System/Library/Frameworks/CoreGraphics.framework; sourceTree = SDKROOT; };
		C0BAF0231C319FC0002F3137 /* CoreLocation.framework */ = {isa = PBXFileReference; lastKnownFileType = wrapper.framework; name = CoreLocation.framework; path = System/Library/Frameworks/CoreLocation.framework; sourceTree = SDKROOT; };
		C0BAF0251C319FE3002F3137 /* UIKit.framework */ = {isa = PBXFileReference; lastKnownFileType = wrapper.framework; name = UIKit.framework; path = System/Library/Frameworks/UIKit.framework; sourceTree = SDKROOT; };
		C0BAF0271C319FEB002F3137 /* Foundation.framework */ = {isa = PBXFileReference; lastKnownFileType = wrapper.framework; name = Foundation.framework; path = System/Library/Frameworks/Foundation.framework; sourceTree = SDKROOT; };
		C0BAF0291C31A005002F3137 /* CoreTelephony.framework */ = {isa = PBXFileReference; lastKnownFileType = wrapper.framework; name = CoreTelephony.framework; path = System/Library/Frameworks/CoreTelephony.framework; sourceTree = SDKROOT; };
		C0BAF02B1C31A175002F3137 /* CLAlertHandler.h */ = {isa = PBXFileReference; fileEncoding = 4; lastKnownFileType = sourcecode.c.h; name = CLAlertHandler.h; path = NwkHndler/CLAlertHandler.h; sourceTree = "<group>"; };
		C0BAF02C1C31A175002F3137 /* libNetworkHandler.a */ = {isa = PBXFileReference; lastKnownFileType = archive.ar; name = libNetworkHandler.a; path = NwkHndler/libNetworkHandler.a; sourceTree = "<group>"; };
		C0BAF02D1C31A175002F3137 /* NetworkHandler.h */ = {isa = PBXFileReference; fileEncoding = 4; lastKnownFileType = sourcecode.c.h; name = NetworkHandler.h; path = NwkHndler/NetworkHandler.h; sourceTree = "<group>"; };
		C0BAF02E1C31A175002F3137 /* RequestBodyGenerator.h */ = {isa = PBXFileReference; fileEncoding = 4; lastKnownFileType = sourcecode.c.h; name = RequestBodyGenerator.h; path = NwkHndler/RequestBodyGenerator.h; sourceTree = "<group>"; };
		C0BCBB511C592320003F7872 /* DoctorServicesTVC.h */ = {isa = PBXFileReference; fileEncoding = 4; lastKnownFileType = sourcecode.c.h; path = DoctorServicesTVC.h; sourceTree = "<group>"; };
		C0BCBB521C592320003F7872 /* DoctorServicesTVC.m */ = {isa = PBXFileReference; fileEncoding = 4; lastKnownFileType = sourcecode.c.objc; path = DoctorServicesTVC.m; sourceTree = "<group>"; };
		C0BCBB531C592320003F7872 /* DoctorServicesTVC.xib */ = {isa = PBXFileReference; fileEncoding = 4; lastKnownFileType = file.xib; path = DoctorServicesTVC.xib; sourceTree = "<group>"; };
		C0BCBB591C59377A003F7872 /* fc_right.png */ = {isa = PBXFileReference; lastKnownFileType = image.png; path = fc_right.png; sourceTree = "<group>"; };
		C0BCBB5D1C593F82003F7872 /* angle-right.png */ = {isa = PBXFileReference; lastKnownFileType = image.png; path = "angle-right.png"; sourceTree = "<group>"; };
		C0BCBB621C59405D003F7872 /* angle-down.png */ = {isa = PBXFileReference; lastKnownFileType = image.png; path = "angle-down.png"; sourceTree = "<group>"; };
		C0BE979B1C2485510037E328 /* MBProgressHUD.h */ = {isa = PBXFileReference; fileEncoding = 4; lastKnownFileType = sourcecode.c.h; name = MBProgressHUD.h; path = SimpleLoadingView/MBProgressHUD.h; sourceTree = "<group>"; };
		C0BE979C1C2485510037E328 /* MBProgressHUD.m */ = {isa = PBXFileReference; fileEncoding = 4; lastKnownFileType = sourcecode.c.objc; name = MBProgressHUD.m; path = SimpleLoadingView/MBProgressHUD.m; sourceTree = "<group>"; };
		C0BE979F1C2485C40037E328 /* CLFacebookHandler.xcodeproj */ = {isa = PBXFileReference; lastKnownFileType = "wrapper.pb-project"; name = CLFacebookHandler.xcodeproj; path = CLFacebookHandler/CLFacebookHandler.xcodeproj; sourceTree = "<group>"; };
		C0BE97AA1C24862D0037E328 /* CLToolKit.xcodeproj */ = {isa = PBXFileReference; lastKnownFileType = "wrapper.pb-project"; name = CLToolKit.xcodeproj; path = CLToolKit/CLToolKit.xcodeproj; sourceTree = "<group>"; };
		C0BE97BB1C2487250037E328 /* FBSDKCoreKit.framework */ = {isa = PBXFileReference; lastKnownFileType = wrapper.framework; name = FBSDKCoreKit.framework; path = MAA/FBSDKCoreKit.framework; sourceTree = "<group>"; };
		C0BE97BC1C2487250037E328 /* FBSDKLoginKit.framework */ = {isa = PBXFileReference; lastKnownFileType = wrapper.framework; name = FBSDKLoginKit.framework; path = MAA/FBSDKLoginKit.framework; sourceTree = "<group>"; };
		C0E608CE1C44167F0027650B /* AppointmentTVC.h */ = {isa = PBXFileReference; fileEncoding = 4; lastKnownFileType = sourcecode.c.h; path = AppointmentTVC.h; sourceTree = "<group>"; };
		C0E608CF1C44167F0027650B /* AppointmentTVC.m */ = {isa = PBXFileReference; fileEncoding = 4; lastKnownFileType = sourcecode.c.objc; path = AppointmentTVC.m; sourceTree = "<group>"; };
/* End PBXFileReference section */

/* Begin PBXFrameworksBuildPhase section */
		55D60D7B1C08B94600963D5D /* Frameworks */ = {
			isa = PBXFrameworksBuildPhase;
			buildActionMask = 2147483647;
			files = (
				7CB682AB1C3908A900AC1F90 /* libCLToolKit.a in Frameworks */,
				C0BAF02A1C31A005002F3137 /* CoreTelephony.framework in Frameworks */,
				C0BAF0281C319FEB002F3137 /* Foundation.framework in Frameworks */,
				C0BAF0261C319FE3002F3137 /* UIKit.framework in Frameworks */,
				C0BAF0241C319FC0002F3137 /* CoreLocation.framework in Frameworks */,
				C0BAF0221C319FAD002F3137 /* CoreGraphics.framework in Frameworks */,
				C0BAF01A1C319DFC002F3137 /* CoreFoundation.framework in Frameworks */,
				C0BAF02F1C31A175002F3137 /* libNetworkHandler.a in Frameworks */,
				C086ED061C285D3D009DF69F /* SystemConfiguration.framework in Frameworks */,
				C086ED041C285D30009DF69F /* MobileCoreServices.framework in Frameworks */,
				C086ED021C285D25009DF69F /* CoreData.framework in Frameworks */,
				C0BE97BD1C2487250037E328 /* FBSDKCoreKit.framework in Frameworks */,
				C0BE97BE1C2487250037E328 /* FBSDKLoginKit.framework in Frameworks */,
				C0BE97B91C24870D0037E328 /* libCLFacebookHandler.a in Frameworks */,
				55C674E31C09D986005AD9E5 /* QuartzCore.framework in Frameworks */,
			);
			runOnlyForDeploymentPostprocessing = 0;
		};
		55D60D941C08B94700963D5D /* Frameworks */ = {
			isa = PBXFrameworksBuildPhase;
			buildActionMask = 2147483647;
			files = (
			);
			runOnlyForDeploymentPostprocessing = 0;
		};
		55D60D9F1C08B94700963D5D /* Frameworks */ = {
			isa = PBXFrameworksBuildPhase;
			buildActionMask = 2147483647;
			files = (
			);
			runOnlyForDeploymentPostprocessing = 0;
		};
/* End PBXFrameworksBuildPhase section */

/* Begin PBXGroup section */
		555BBCEB1C0AA16C00E262F9 /* Assets Extra */ = {
			isa = PBXGroup;
			children = (
				55EAC8441C0A09CE00F31280 /* field__white_box2@2x.png */,
				55EAC8451C0A09CE00F31280 /* field_white_box@2x.png */,
				7CF40FE81C1D77600020EE33 /* block1@2x.png */,
			);
			name = "Assets Extra";
			sourceTree = "<group>";
		};
		555BBCFB1C0AA2BC00E262F9 /* Sign Up */ = {
			isa = PBXGroup;
			children = (
				55C674DF1C09D92D005AD9E5 /* JoinNowVC.h */,
				55C674E01C09D92D005AD9E5 /* JoinNowVC.m */,
				555BBCEF1C0AA25200E262F9 /* SignUpPage1VC.h */,
				555BBCF01C0AA25200E262F9 /* SignUpPage1VC.m */,
				555BBCF21C0AA27700E262F9 /* SignUpPage2VC.h */,
				555BBCF31C0AA27700E262F9 /* SignUpPage2VC.m */,
			);
			name = "Sign Up";
			sourceTree = "<group>";
		};
		55C674E41C09D992005AD9E5 /* Frameworks */ = {
			isa = PBXGroup;
			children = (
				C0BAF0291C31A005002F3137 /* CoreTelephony.framework */,
				C0BAF0271C319FEB002F3137 /* Foundation.framework */,
				C0BAF0251C319FE3002F3137 /* UIKit.framework */,
				C0BAF0231C319FC0002F3137 /* CoreLocation.framework */,
				C0BAF0211C319FAD002F3137 /* CoreGraphics.framework */,
				C0BAF0191C319DFC002F3137 /* CoreFoundation.framework */,
				C086ED051C285D3D009DF69F /* SystemConfiguration.framework */,
				C086ED031C285D30009DF69F /* MobileCoreServices.framework */,
				C086ED011C285D25009DF69F /* CoreData.framework */,
				C0BE97BB1C2487250037E328 /* FBSDKCoreKit.framework */,
				C0BE97BC1C2487250037E328 /* FBSDKLoginKit.framework */,
				55C674E21C09D986005AD9E5 /* QuartzCore.framework */,
			);
			name = Frameworks;
			sourceTree = "<group>";
		};
		55D352DF1C0B4630008CCEC1 /* Home Page */ = {
			isa = PBXGroup;
			children = (
				555BBCFC1C0AA5DC00E262F9 /* HomePageVC.h */,
				555BBCFD1C0AA5DC00E262F9 /* HomePageVC.m */,
				7C8AD8541C18A8FC00C4E3BD /* HomePageCVC.h */,
				7C8AD8551C18A8FC00C4E3BD /* HomePageCVC.m */,
				7C840B651C19FF6B0044C99A /* Search */,
				7C0981D91C1E661D00B1BE99 /* Search Results */,
				7C9FF5571C1F5FA900C72512 /* Search Filter */,
			);
			name = "Home Page";
			sourceTree = "<group>";
		};
		55D352E01C0B463E008CCEC1 /* Questions Page */ = {
			isa = PBXGroup;
			children = (
				55D352D31C0B441C008CCEC1 /* QuestionsPageVC.h */,
				55D352D41C0B441C008CCEC1 /* QuestionsPageVC.m */,
				C08BE7701C51525100770735 /* QuestionsTVC.h */,
				C08BE7711C51525100770735 /* QuestionsTVC.m */,
				C08BE7791C5157B100770735 /* AskQuestionsVC.h */,
				C08BE77A1C5157B100770735 /* AskQuestionsVC.m */,
			);
			name = "Questions Page";
			sourceTree = "<group>";
		};
		55D352E11C0B464C008CCEC1 /* Profile Page */ = {
			isa = PBXGroup;
			children = (
				55D352D61C0B4485008CCEC1 /* ProfilePageVC.h */,
				55D352D71C0B4485008CCEC1 /* ProfilePageVC.m */,
			);
			name = "Profile Page";
			sourceTree = "<group>";
		};
		55D352E21C0B465E008CCEC1 /* Appointment Page */ = {
			isa = PBXGroup;
			children = (
				55D352D91C0B45E1008CCEC1 /* AppointmentPageVC.h */,
				55D352DA1C0B45E1008CCEC1 /* AppointmentPageVC.m */,
				C0E608CE1C44167F0027650B /* AppointmentTVC.h */,
				C0E608CF1C44167F0027650B /* AppointmentTVC.m */,
			);
			name = "Appointment Page";
			sourceTree = "<group>";
		};
		55D352E31C0B4684008CCEC1 /* Notifications Page */ = {
			isa = PBXGroup;
			children = (
				55D352DC1C0B461E008CCEC1 /* NotificationsPageVC.h */,
				55D352DD1C0B461E008CCEC1 /* NotificationsPageVC.m */,
			);
			name = "Notifications Page";
			sourceTree = "<group>";
		};
		55D60D751C08B94600963D5D = {
			isa = PBXGroup;
			children = (
				9F991C651C5A466300F92C11 /* Kiran */,
				55C674E41C09D992005AD9E5 /* Frameworks */,
				55D60D801C08B94600963D5D /* MAA */,
				55D60D9A1C08B94700963D5D /* MAATests */,
				55D60D7F1C08B94600963D5D /* Products */,
				55D60DA51C08B94700963D5D /* MAAUITests */,
			);
			sourceTree = "<group>";
		};
		55D60D7F1C08B94600963D5D /* Products */ = {
			isa = PBXGroup;
			children = (
				55D60D7E1C08B94600963D5D /* MAA.app */,
				55D60D971C08B94700963D5D /* MAATests.xctest */,
				55D60DA21C08B94700963D5D /* MAAUITests.xctest */,
			);
			name = Products;
			sourceTree = "<group>";
		};
		55D60D801C08B94600963D5D /* MAA */ = {
			isa = PBXGroup;
			children = (
				C0BCBB621C59405D003F7872 /* angle-down.png */,
				C0BCBB5D1C593F82003F7872 /* angle-right.png */,
				C0BCBB591C59377A003F7872 /* fc_right.png */,
				9F5E72751C38334C00B86477 /* Clinic Page */,
				9FA914AB1C3797D400BDCB5D /* Doctor Profile */,
				C0BAF02B1C31A175002F3137 /* CLAlertHandler.h */,
				C0BAF02C1C31A175002F3137 /* libNetworkHandler.a */,
				C0BAF02D1C31A175002F3137 /* NetworkHandler.h */,
				C0BAF02E1C31A175002F3137 /* RequestBodyGenerator.h */,
				C0BE97AA1C24862D0037E328 /* CLToolKit.xcodeproj */,
				C0BE979F1C2485C40037E328 /* CLFacebookHandler.xcodeproj */,
				C0BE979E1C2485560037E328 /* ProgressHud */,
				55D60D8A1C08B94600963D5D /* Main.storyboard */,
				55D60D841C08B94600963D5D /* AppDelegate.h */,
				55D60D851C08B94600963D5D /* AppDelegate.m */,
				55EAC8481C0A167500F31280 /* Login Module */,
				555BBCFB1C0AA2BC00E262F9 /* Sign Up */,
				55D352DF1C0B4630008CCEC1 /* Home Page */,
				55D352E01C0B463E008CCEC1 /* Questions Page */,
				55D352E11C0B464C008CCEC1 /* Profile Page */,
				55D352E21C0B465E008CCEC1 /* Appointment Page */,
				55D352E31C0B4684008CCEC1 /* Notifications Page */,
				366EB8A41C59DAE900466CCE /* SettingsPageVC.h */,
				366EB8A51C59DAE900466CCE /* SettingsPageVC.m */,
				C05F4B631C5A94A300CCB6D9 /* SettingsTableViewCell.h */,
				C05F4B641C5A94A300CCB6D9 /* SettingsTableViewCell.m */,
				55D60D8D1C08B94600963D5D /* Assets.xcassets */,
				7C8AD8571C18BB8100C4E3BD /* Doctor Images */,
				555BBCEB1C0AA16C00E262F9 /* Assets Extra */,
				55D60D8F1C08B94600963D5D /* LaunchScreen.storyboard */,
				55D60D921C08B94600963D5D /* Info.plist */,
				55D60D811C08B94600963D5D /* Supporting Files */,
				C086ECED1C285B37009DF69F /* ServiceConstants.h */,
				C086ECF31C285B51009DF69F /* Constants.h */,
				C086ECFD1C285BEF009DF69F /* MAA-Prefix.pch */,
				C09BD06C1C5BDB2900D17ECF /* HealthProfileVC.h */,
				C09BD06D1C5BDB2900D17ECF /* HealthProfileVC.m */,
				C0871FC61C5CAD8700E29E87 /* HealthProfileUserPhotosCVC.h */,
				C0871FC71C5CAD8700E29E87 /* HealthProfileUserPhotosCVC.m */,
				C0871FCC1C5CB5C900E29E87 /* MedicalDocumantsCVC.h */,
				C0871FCD1C5CB5C900E29E87 /* MedicalDocumantsCVC.m */,
			);
			path = MAA;
			sourceTree = "<group>";
		};
		55D60D811C08B94600963D5D /* Supporting Files */ = {
			isa = PBXGroup;
			children = (
				55D60D821C08B94600963D5D /* main.m */,
			);
			name = "Supporting Files";
			sourceTree = "<group>";
		};
		55D60D9A1C08B94700963D5D /* MAATests */ = {
			isa = PBXGroup;
			children = (
				55D60D9B1C08B94700963D5D /* MAATests.m */,
				55D60D9D1C08B94700963D5D /* Info.plist */,
			);
			path = MAATests;
			sourceTree = "<group>";
		};
		55D60DA51C08B94700963D5D /* MAAUITests */ = {
			isa = PBXGroup;
			children = (
				55D60DA61C08B94700963D5D /* MAAUITests.m */,
				55D60DA81C08B94700963D5D /* Info.plist */,
			);
			path = MAAUITests;
			sourceTree = "<group>";
		};
		55EAC8481C0A167500F31280 /* Login Module */ = {
			isa = PBXGroup;
			children = (
				55BFD1371C0979BE00A07A75 /* LoginPageVC.h */,
				55BFD1381C0979BE00A07A75 /* LoginPageVC.m */,
				55EAC8411C0A052D00F31280 /* ForgotpasswordVC.h */,
				55EAC8421C0A052D00F31280 /* ForgotpasswordVC.m */,
				555BBCEC1C0AA1D200E262F9 /* ResetPasswordOTPVC.h */,
				555BBCED1C0AA1D200E262F9 /* ResetPasswordOTPVC.m */,
				C086ED191C287364009DF69F /* EmailSentVC.h */,
				C086ED1A1C287364009DF69F /* EmailSentVC.m */,
				C086ED1F1C28748D009DF69F /* OTPVerificationSuccessfulViewController.h */,
				C086ED201C28748D009DF69F /* OTPVerificationSuccessfulViewController.m */,
				C086ED221C287546009DF69F /* ResetPasswordVC.h */,
				C086ED231C287546009DF69F /* ResetPasswordVC.m */,
			);
			name = "Login Module";
			sourceTree = "<group>";
		};
		7C0981D91C1E661D00B1BE99 /* Search Results */ = {
			isa = PBXGroup;
			children = (
				7C0981D61C1E661600B1BE99 /* SearchResultsVC.h */,
				7C0981D71C1E661600B1BE99 /* SearchResultsVC.m */,
				7CF648091C1F36F5007DA73F /* SearchResultsTVC.h */,
				7CF6480A1C1F36F5007DA73F /* SearchResultsTVC.m */,
			);
			name = "Search Results";
			sourceTree = "<group>";
		};
		7C840B651C19FF6B0044C99A /* Search */ = {
			isa = PBXGroup;
			children = (
				7C840B661C19FF9B0044C99A /* SearchVC.h */,
				7C840B671C19FF9B0044C99A /* SearchVC.m */,
				7C29EE781C1A72B400A9481E /* SearchTVC.h */,
				7C29EE791C1A72B400A9481E /* SearchTVC.m */,
			);
			name = Search;
			sourceTree = "<group>";
		};
		7C8AD8571C18BB8100C4E3BD /* Doctor Images */ = {
			isa = PBXGroup;
			children = (
				7CB682A51C38FF4300AC1F90 /* Players.png */,
				7CB682A61C38FF4300AC1F90 /* Players@2x.png */,
				7CB682A71C38FF4300AC1F90 /* Players@3x.png */,
				7C9FF5521C1F4D2400C72512 /* 1.png */,
				7C3682D51C2FFAFE002F31FA /* 2.jpg */,
				7C8AD85B1C18BBA500C4E3BD /* 4.png */,
				7C8AD85C1C18BBA500C4E3BD /* 5.png */,
			);
			name = "Doctor Images";
			sourceTree = "<group>";
		};
		7C9FF5571C1F5FA900C72512 /* Search Filter */ = {
			isa = PBXGroup;
			children = (
				7C9FF5541C1F5F9A00C72512 /* SearchFilterVC.h */,
				7C9FF5551C1F5F9A00C72512 /* SearchFilterVC.m */,
			);
			name = "Search Filter";
			sourceTree = "<group>";
		};
		9F5E72751C38334C00B86477 /* Clinic Page */ = {
			isa = PBXGroup;
			children = (
				9F6BF5431C396AC8006FB97A /* HospitalFirstTabTVC.h */,
				9F6BF5441C396AC8006FB97A /* HospitalFirstTabTVC.m */,
				9F6BF5451C396AC8006FB97A /* HospitalSecondTabTVC.h */,
				9F6BF5461C396AC8006FB97A /* HospitalSecondTabTVC.m */,
				9F6BF5471C396AC8006FB97A /* HospitalThirdTabTVC.h */,
				9F6BF5481C396AC8006FB97A /* HospitalThirdTabTVC.m */,
				9F5E72791C38338B00B86477 /* HospitalProfile.h */,
				9F5E727A1C38338B00B86477 /* HospitalProfile.m */,
				9F9878EF1C49BE2D00DE68A9 /* HospitalAboutTVC.h */,
				9F9878F01C49BE2D00DE68A9 /* HospitalAboutTVC.m */,
			);
			name = "Clinic Page";
			path = "Classes/Clinic Page";
			sourceTree = "<group>";
		};
		9F991C651C5A466300F92C11 /* Kiran */ = {
			isa = PBXGroup;
			children = (
				9F991C501C5A1C5400F92C11 /* homepage_doctorViewController.h */,
				9F991C511C5A1C5400F92C11 /* homepage_doctorViewController.m */,
				9F991C521C5A1C5400F92C11 /* student.h */,
				9F991C531C5A1C5400F92C11 /* student.m */,
				9F991C541C5A1C5400F92C11 /* doctor_dash_xib.xib */,
				9F991C551C5A1C5400F92C11 /* doct_dashCollectionViewCell.h */,
				9F991C561C5A1C5400F92C11 /* doct_dashCollectionViewCell.m */,
				9F991C571C5A1C5400F92C11 /* doctorReviewsViewController.h */,
				9F991C581C5A1C5400F92C11 /* doctorReviewsViewController.m */,
				9F991C591C5A1C5400F92C11 /* search.xib */,
				9F991C5A1C5A1C5400F92C11 /* bin.png */,
			);
			name = Kiran;
			sourceTree = "<group>";
		};
		9FA914AB1C3797D400BDCB5D /* Doctor Profile */ = {
			isa = PBXGroup;
			children = (
				9F9878EC1C49BE0300DE68A9 /* DoctorConsultingTimingTVC.h */,
				9F9878ED1C49BE0300DE68A9 /* DoctorConsultingTimingTVC.m */,
				9F6BF5381C396AB1006FB97A /* DoctorFirstTabTVC.h */,
				9F6BF5391C396AB1006FB97A /* DoctorFirstTabTVC.m */,
				9F6BF53C1C396AB1006FB97A /* DoctorThirdTabTVC.h */,
				9F6BF53D1C396AB1006FB97A /* DoctorThirdTabTVC.m */,
				9FA914AC1C3797FB00BDCB5D /* DoctorProfileVC.h */,
				9FA914AD1C3797FB00BDCB5D /* DoctorProfileVC.m */,
				C093DE401C4025F100DCFB44 /* DoctorPhotoCVC.h */,
				C093DE411C4025F100DCFB44 /* DoctorPhotoCVC.m */,
				9FC62CE71C5725E200AF3EA3 /* DoctorServicesHV.h */,
				9FC62CE81C5725E200AF3EA3 /* DoctorServicesHV.m */,
				9FC62CED1C57267D00AF3EA3 /* DoctorServicesHV.xib */,
				C0BCBB511C592320003F7872 /* DoctorServicesTVC.h */,
				C0BCBB521C592320003F7872 /* DoctorServicesTVC.m */,
				C0BCBB531C592320003F7872 /* DoctorServicesTVC.xib */,
			);
			name = "Doctor Profile";
			path = "Classes/Doctor Profile";
			sourceTree = "<group>";
		};
		C0BE979E1C2485560037E328 /* ProgressHud */ = {
			isa = PBXGroup;
			children = (
				C0BE979B1C2485510037E328 /* MBProgressHUD.h */,
				C0BE979C1C2485510037E328 /* MBProgressHUD.m */,
			);
			name = ProgressHud;
			sourceTree = "<group>";
		};
		C0BE97A01C2485C40037E328 /* Products */ = {
			isa = PBXGroup;
			children = (
				C0BE97A51C2485C40037E328 /* libCLFacebookHandler.a */,
				C0BE97A71C2485C40037E328 /* CLFacebookHandlerTests.xctest */,
			);
			name = Products;
			sourceTree = "<group>";
		};
		C0BE97AB1C24862D0037E328 /* Products */ = {
			isa = PBXGroup;
			children = (
				C0BE97B11C24862D0037E328 /* libCLToolKit.a */,
			);
			name = Products;
			sourceTree = "<group>";
		};
/* End PBXGroup section */

/* Begin PBXNativeTarget section */
		55D60D7D1C08B94600963D5D /* MAA */ = {
			isa = PBXNativeTarget;
			buildConfigurationList = 55D60DAB1C08B94700963D5D /* Build configuration list for PBXNativeTarget "MAA" */;
			buildPhases = (
				55D60D7A1C08B94600963D5D /* Sources */,
				55D60D7B1C08B94600963D5D /* Frameworks */,
				55D60D7C1C08B94600963D5D /* Resources */,
			);
			buildRules = (
			);
			dependencies = (
			);
			name = MAA;
			productName = MAA;
			productReference = 55D60D7E1C08B94600963D5D /* MAA.app */;
			productType = "com.apple.product-type.application";
		};
		55D60D961C08B94700963D5D /* MAATests */ = {
			isa = PBXNativeTarget;
			buildConfigurationList = 55D60DAE1C08B94700963D5D /* Build configuration list for PBXNativeTarget "MAATests" */;
			buildPhases = (
				55D60D931C08B94700963D5D /* Sources */,
				55D60D941C08B94700963D5D /* Frameworks */,
				55D60D951C08B94700963D5D /* Resources */,
			);
			buildRules = (
			);
			dependencies = (
				55D60D991C08B94700963D5D /* PBXTargetDependency */,
			);
			name = MAATests;
			productName = MAATests;
			productReference = 55D60D971C08B94700963D5D /* MAATests.xctest */;
			productType = "com.apple.product-type.bundle.unit-test";
		};
		55D60DA11C08B94700963D5D /* MAAUITests */ = {
			isa = PBXNativeTarget;
			buildConfigurationList = 55D60DB11C08B94700963D5D /* Build configuration list for PBXNativeTarget "MAAUITests" */;
			buildPhases = (
				55D60D9E1C08B94700963D5D /* Sources */,
				55D60D9F1C08B94700963D5D /* Frameworks */,
				55D60DA01C08B94700963D5D /* Resources */,
			);
			buildRules = (
			);
			dependencies = (
				55D60DA41C08B94700963D5D /* PBXTargetDependency */,
			);
			name = MAAUITests;
			productName = MAAUITests;
			productReference = 55D60DA21C08B94700963D5D /* MAAUITests.xctest */;
			productType = "com.apple.product-type.bundle.ui-testing";
		};
/* End PBXNativeTarget section */

/* Begin PBXProject section */
		55D60D761C08B94600963D5D /* Project object */ = {
			isa = PBXProject;
			attributes = {
				LastUpgradeCheck = 0700;
				ORGANIZATIONNAME = "Cocoa Labs";
				TargetAttributes = {
					55D60D7D1C08B94600963D5D = {
						CreatedOnToolsVersion = 7.0;
						DevelopmentTeam = GSQA4SDXLX;
					};
					55D60D961C08B94700963D5D = {
						CreatedOnToolsVersion = 7.0;
						DevelopmentTeam = L53R7RR8WD;
						TestTargetID = 55D60D7D1C08B94600963D5D;
					};
					55D60DA11C08B94700963D5D = {
						CreatedOnToolsVersion = 7.0;
						DevelopmentTeam = L53R7RR8WD;
						TestTargetID = 55D60D7D1C08B94600963D5D;
					};
				};
			};
			buildConfigurationList = 55D60D791C08B94600963D5D /* Build configuration list for PBXProject "MAA" */;
			compatibilityVersion = "Xcode 3.2";
			developmentRegion = English;
			hasScannedForEncodings = 0;
			knownRegions = (
				en,
				Base,
			);
			mainGroup = 55D60D751C08B94600963D5D;
			productRefGroup = 55D60D7F1C08B94600963D5D /* Products */;
			projectDirPath = "";
			projectReferences = (
				{
					ProductGroup = C0BE97A01C2485C40037E328 /* Products */;
					ProjectRef = C0BE979F1C2485C40037E328 /* CLFacebookHandler.xcodeproj */;
				},
				{
					ProductGroup = C0BE97AB1C24862D0037E328 /* Products */;
					ProjectRef = C0BE97AA1C24862D0037E328 /* CLToolKit.xcodeproj */;
				},
			);
			projectRoot = "";
			targets = (
				55D60D7D1C08B94600963D5D /* MAA */,
				55D60D961C08B94700963D5D /* MAATests */,
				55D60DA11C08B94700963D5D /* MAAUITests */,
			);
		};
/* End PBXProject section */

/* Begin PBXReferenceProxy section */
		C0BE97A51C2485C40037E328 /* libCLFacebookHandler.a */ = {
			isa = PBXReferenceProxy;
			fileType = archive.ar;
			path = libCLFacebookHandler.a;
			remoteRef = C0BE97A41C2485C40037E328 /* PBXContainerItemProxy */;
			sourceTree = BUILT_PRODUCTS_DIR;
		};
		C0BE97A71C2485C40037E328 /* CLFacebookHandlerTests.xctest */ = {
			isa = PBXReferenceProxy;
			fileType = wrapper.cfbundle;
			path = CLFacebookHandlerTests.xctest;
			remoteRef = C0BE97A61C2485C40037E328 /* PBXContainerItemProxy */;
			sourceTree = BUILT_PRODUCTS_DIR;
		};
		C0BE97B11C24862D0037E328 /* libCLToolKit.a */ = {
			isa = PBXReferenceProxy;
			fileType = archive.ar;
			path = libCLToolKit.a;
			remoteRef = C0BE97B01C24862D0037E328 /* PBXContainerItemProxy */;
			sourceTree = BUILT_PRODUCTS_DIR;
		};
/* End PBXReferenceProxy section */

/* Begin PBXResourcesBuildPhase section */
		55D60D7C1C08B94600963D5D /* Resources */ = {
			isa = PBXResourcesBuildPhase;
			buildActionMask = 2147483647;
			files = (
				7C9FF5531C1F4D2400C72512 /* 1.png in Resources */,
				7C8AD8641C18BBA500C4E3BD /* 4.png in Resources */,
				7C3682D61C2FFAFE002F31FA /* 2.jpg in Resources */,
				9F991C611C5A1C5400F92C11 /* bin.png in Resources */,
				C0BCBB631C59405D003F7872 /* angle-down.png in Resources */,
				7CB682AA1C38FF4300AC1F90 /* Players@3x.png in Resources */,
				9F991C601C5A1C5400F92C11 /* search.xib in Resources */,
				7CB682A91C38FF4300AC1F90 /* Players@2x.png in Resources */,
				C0BCBB5A1C59377A003F7872 /* fc_right.png in Resources */,
				7C8AD8651C18BBA500C4E3BD /* 5.png in Resources */,
				55D60D911C08B94600963D5D /* LaunchScreen.storyboard in Resources */,
				C0BCBB5E1C593F82003F7872 /* angle-right.png in Resources */,
				55EAC8471C0A09CE00F31280 /* field_white_box@2x.png in Resources */,
				7CB682A81C38FF4300AC1F90 /* Players.png in Resources */,
				55D60D8E1C08B94600963D5D /* Assets.xcassets in Resources */,
				9F991C5D1C5A1C5400F92C11 /* doctor_dash_xib.xib in Resources */,
				55EAC8461C0A09CE00F31280 /* field__white_box2@2x.png in Resources */,
				7CF40FE91C1D77610020EE33 /* block1@2x.png in Resources */,
				C0BCBB551C592320003F7872 /* DoctorServicesTVC.xib in Resources */,
				9FC62CEE1C57267D00AF3EA3 /* DoctorServicesHV.xib in Resources */,
				55D60D8C1C08B94600963D5D /* Main.storyboard in Resources */,
			);
			runOnlyForDeploymentPostprocessing = 0;
		};
		55D60D951C08B94700963D5D /* Resources */ = {
			isa = PBXResourcesBuildPhase;
			buildActionMask = 2147483647;
			files = (
			);
			runOnlyForDeploymentPostprocessing = 0;
		};
		55D60DA01C08B94700963D5D /* Resources */ = {
			isa = PBXResourcesBuildPhase;
			buildActionMask = 2147483647;
			files = (
			);
			runOnlyForDeploymentPostprocessing = 0;
		};
/* End PBXResourcesBuildPhase section */

/* Begin PBXSourcesBuildPhase section */
		55D60D7A1C08B94600963D5D /* Sources */ = {
			isa = PBXSourcesBuildPhase;
			buildActionMask = 2147483647;
			files = (
				366EB8A61C59DAE900466CCE /* SettingsPageVC.m in Sources */,
				9F991C5B1C5A1C5400F92C11 /* homepage_doctorViewController.m in Sources */,
				9F6BF5401C396AB1006FB97A /* DoctorThirdTabTVC.m in Sources */,
				9F9878F11C49BE2D00DE68A9 /* HospitalAboutTVC.m in Sources */,
				7C8AD8561C18A8FC00C4E3BD /* HomePageCVC.m in Sources */,
				9F991C5C1C5A1C5400F92C11 /* student.m in Sources */,
				C086ED1B1C287364009DF69F /* EmailSentVC.m in Sources */,
				555BBCF41C0AA27700E262F9 /* SignUpPage2VC.m in Sources */,
				C0871FC81C5CAD8700E29E87 /* HealthProfileUserPhotosCVC.m in Sources */,
				C0E608D01C44167F0027650B /* AppointmentTVC.m in Sources */,
				55D352DE1C0B461E008CCEC1 /* NotificationsPageVC.m in Sources */,
				9F991C5E1C5A1C5400F92C11 /* doct_dashCollectionViewCell.m in Sources */,
				555BBCF11C0AA25200E262F9 /* SignUpPage1VC.m in Sources */,
				55EAC8431C0A052D00F31280 /* ForgotpasswordVC.m in Sources */,
				9F991C5F1C5A1C5400F92C11 /* doctorReviewsViewController.m in Sources */,
				C086ED241C287546009DF69F /* ResetPasswordVC.m in Sources */,
				55D60D861C08B94600963D5D /* AppDelegate.m in Sources */,
				C086ED211C28748D009DF69F /* OTPVerificationSuccessfulViewController.m in Sources */,
				C08BE77B1C5157B100770735 /* AskQuestionsVC.m in Sources */,
				55D60D831C08B94600963D5D /* main.m in Sources */,
				C093DE421C4025F100DCFB44 /* DoctorPhotoCVC.m in Sources */,
				C0BE979D1C2485510037E328 /* MBProgressHUD.m in Sources */,
				9FC62CE91C5725E200AF3EA3 /* DoctorServicesHV.m in Sources */,
				9F9878EE1C49BE0400DE68A9 /* DoctorConsultingTimingTVC.m in Sources */,
				C0BCBB541C592320003F7872 /* DoctorServicesTVC.m in Sources */,
				55D352D81C0B4485008CCEC1 /* ProfilePageVC.m in Sources */,
				7CF6480B1C1F36F5007DA73F /* SearchResultsTVC.m in Sources */,
				555BBCFE1C0AA5DC00E262F9 /* HomePageVC.m in Sources */,
				7C29EE7A1C1A72B400A9481E /* SearchTVC.m in Sources */,
				55D352DB1C0B45E1008CCEC1 /* AppointmentPageVC.m in Sources */,
				9F6BF54C1C396AC8006FB97A /* HospitalThirdTabTVC.m in Sources */,
				555BBCEE1C0AA1D200E262F9 /* ResetPasswordOTPVC.m in Sources */,
				9FA914AE1C3797FB00BDCB5D /* DoctorProfileVC.m in Sources */,
				55D352D51C0B441C008CCEC1 /* QuestionsPageVC.m in Sources */,
				9F6BF54B1C396AC8006FB97A /* HospitalSecondTabTVC.m in Sources */,
				C09BD06E1C5BDB2900D17ECF /* HealthProfileVC.m in Sources */,
				C05F4B651C5A94A300CCB6D9 /* SettingsTableViewCell.m in Sources */,
				7C9FF5561C1F5F9A00C72512 /* SearchFilterVC.m in Sources */,
				9F5E727B1C38338B00B86477 /* HospitalProfile.m in Sources */,
				C08BE7721C51525100770735 /* QuestionsTVC.m in Sources */,
				C0871FCE1C5CB5C900E29E87 /* MedicalDocumantsCVC.m in Sources */,
				9F6BF53E1C396AB1006FB97A /* DoctorFirstTabTVC.m in Sources */,
				55BFD1391C0979BE00A07A75 /* LoginPageVC.m in Sources */,
				9F6BF54A1C396AC8006FB97A /* HospitalFirstTabTVC.m in Sources */,
				7C840B681C19FF9B0044C99A /* SearchVC.m in Sources */,
				55C674E11C09D92D005AD9E5 /* JoinNowVC.m in Sources */,
				7C0981D81C1E661600B1BE99 /* SearchResultsVC.m in Sources */,
			);
			runOnlyForDeploymentPostprocessing = 0;
		};
		55D60D931C08B94700963D5D /* Sources */ = {
			isa = PBXSourcesBuildPhase;
			buildActionMask = 2147483647;
			files = (
				55D60D9C1C08B94700963D5D /* MAATests.m in Sources */,
			);
			runOnlyForDeploymentPostprocessing = 0;
		};
		55D60D9E1C08B94700963D5D /* Sources */ = {
			isa = PBXSourcesBuildPhase;
			buildActionMask = 2147483647;
			files = (
				55D60DA71C08B94700963D5D /* MAAUITests.m in Sources */,
			);
			runOnlyForDeploymentPostprocessing = 0;
		};
/* End PBXSourcesBuildPhase section */

/* Begin PBXTargetDependency section */
		55D60D991C08B94700963D5D /* PBXTargetDependency */ = {
			isa = PBXTargetDependency;
			target = 55D60D7D1C08B94600963D5D /* MAA */;
			targetProxy = 55D60D981C08B94700963D5D /* PBXContainerItemProxy */;
		};
		55D60DA41C08B94700963D5D /* PBXTargetDependency */ = {
			isa = PBXTargetDependency;
			target = 55D60D7D1C08B94600963D5D /* MAA */;
			targetProxy = 55D60DA31C08B94700963D5D /* PBXContainerItemProxy */;
		};
/* End PBXTargetDependency section */

/* Begin PBXVariantGroup section */
		55D60D8A1C08B94600963D5D /* Main.storyboard */ = {
			isa = PBXVariantGroup;
			children = (
				55D60D8B1C08B94600963D5D /* Base */,
			);
			name = Main.storyboard;
			sourceTree = "<group>";
		};
		55D60D8F1C08B94600963D5D /* LaunchScreen.storyboard */ = {
			isa = PBXVariantGroup;
			children = (
				55D60D901C08B94600963D5D /* Base */,
			);
			name = LaunchScreen.storyboard;
			sourceTree = "<group>";
		};
/* End PBXVariantGroup section */

/* Begin XCBuildConfiguration section */
		55D60DA91C08B94700963D5D /* Debug */ = {
			isa = XCBuildConfiguration;
			buildSettings = {
				ALWAYS_SEARCH_USER_PATHS = NO;
				CLANG_CXX_LANGUAGE_STANDARD = "gnu++0x";
				CLANG_CXX_LIBRARY = "libc++";
				CLANG_ENABLE_MODULES = YES;
				CLANG_ENABLE_OBJC_ARC = YES;
				CLANG_WARN_BOOL_CONVERSION = YES;
				CLANG_WARN_CONSTANT_CONVERSION = YES;
				CLANG_WARN_DIRECT_OBJC_ISA_USAGE = YES_ERROR;
				CLANG_WARN_EMPTY_BODY = YES;
				CLANG_WARN_ENUM_CONVERSION = YES;
				CLANG_WARN_INT_CONVERSION = YES;
				CLANG_WARN_OBJC_ROOT_CLASS = YES_ERROR;
				CLANG_WARN_UNREACHABLE_CODE = YES;
				CLANG_WARN__DUPLICATE_METHOD_MATCH = YES;
				"CODE_SIGN_IDENTITY[sdk=iphoneos*]" = "iPhone Developer";
				COPY_PHASE_STRIP = NO;
				DEBUG_INFORMATION_FORMAT = dwarf;
				ENABLE_BITCODE = NO;
				ENABLE_STRICT_OBJC_MSGSEND = YES;
				ENABLE_TESTABILITY = YES;
				GCC_C_LANGUAGE_STANDARD = gnu99;
				GCC_DYNAMIC_NO_PIC = NO;
				GCC_NO_COMMON_BLOCKS = YES;
				GCC_OPTIMIZATION_LEVEL = 0;
				GCC_PREPROCESSOR_DEFINITIONS = (
					"DEBUG=1",
					"$(inherited)",
				);
				GCC_WARN_64_TO_32_BIT_CONVERSION = YES;
				GCC_WARN_ABOUT_RETURN_TYPE = YES_ERROR;
				GCC_WARN_UNDECLARED_SELECTOR = YES;
				GCC_WARN_UNINITIALIZED_AUTOS = YES_AGGRESSIVE;
				GCC_WARN_UNUSED_FUNCTION = YES;
				GCC_WARN_UNUSED_VARIABLE = YES;
				IPHONEOS_DEPLOYMENT_TARGET = 9.0;
				MTL_ENABLE_DEBUG_INFO = YES;
				ONLY_ACTIVE_ARCH = YES;
				SDKROOT = iphoneos;
				TARGETED_DEVICE_FAMILY = "1,2";
			};
			name = Debug;
		};
		55D60DAA1C08B94700963D5D /* Release */ = {
			isa = XCBuildConfiguration;
			buildSettings = {
				ALWAYS_SEARCH_USER_PATHS = NO;
				CLANG_CXX_LANGUAGE_STANDARD = "gnu++0x";
				CLANG_CXX_LIBRARY = "libc++";
				CLANG_ENABLE_MODULES = YES;
				CLANG_ENABLE_OBJC_ARC = YES;
				CLANG_WARN_BOOL_CONVERSION = YES;
				CLANG_WARN_CONSTANT_CONVERSION = YES;
				CLANG_WARN_DIRECT_OBJC_ISA_USAGE = YES_ERROR;
				CLANG_WARN_EMPTY_BODY = YES;
				CLANG_WARN_ENUM_CONVERSION = YES;
				CLANG_WARN_INT_CONVERSION = YES;
				CLANG_WARN_OBJC_ROOT_CLASS = YES_ERROR;
				CLANG_WARN_UNREACHABLE_CODE = YES;
				CLANG_WARN__DUPLICATE_METHOD_MATCH = YES;
				"CODE_SIGN_IDENTITY[sdk=iphoneos*]" = "iPhone Developer";
				COPY_PHASE_STRIP = NO;
				DEBUG_INFORMATION_FORMAT = "dwarf-with-dsym";
				ENABLE_BITCODE = NO;
				ENABLE_NS_ASSERTIONS = NO;
				ENABLE_STRICT_OBJC_MSGSEND = YES;
				GCC_C_LANGUAGE_STANDARD = gnu99;
				GCC_NO_COMMON_BLOCKS = YES;
				GCC_WARN_64_TO_32_BIT_CONVERSION = YES;
				GCC_WARN_ABOUT_RETURN_TYPE = YES_ERROR;
				GCC_WARN_UNDECLARED_SELECTOR = YES;
				GCC_WARN_UNINITIALIZED_AUTOS = YES_AGGRESSIVE;
				GCC_WARN_UNUSED_FUNCTION = YES;
				GCC_WARN_UNUSED_VARIABLE = YES;
				IPHONEOS_DEPLOYMENT_TARGET = 9.0;
				MTL_ENABLE_DEBUG_INFO = NO;
				ONLY_ACTIVE_ARCH = YES;
				SDKROOT = iphoneos;
				TARGETED_DEVICE_FAMILY = "1,2";
				VALIDATE_PRODUCT = YES;
			};
			name = Release;
		};
		55D60DAC1C08B94700963D5D /* Debug */ = {
			isa = XCBuildConfiguration;
			buildSettings = {
				ASSETCATALOG_COMPILER_APPICON_NAME = AppIcon;
				CODE_SIGN_IDENTITY = "iPhone Developer";
				ENABLE_BITCODE = NO;
				FRAMEWORK_SEARCH_PATHS = (
					"$(inherited)",
					"$(PROJECT_DIR)/MAA",
				);
				GCC_PREFIX_HEADER = "MAA/MAA-Prefix.pch";
				INFOPLIST_FILE = MAA/Info.plist;
				LD_RUNPATH_SEARCH_PATHS = "$(inherited) @executable_path/Frameworks";
				LIBRARY_SEARCH_PATHS = (
					"$(inherited)",
					"$(PROJECT_DIR)/MAA/NwkHndler",
					"$(PROJECT_DIR)/MAA/FacebookHandler",
				);
				ONLY_ACTIVE_ARCH = YES;
				OTHER_LDFLAGS = (
					"-all_load",
					"-Objc",
					"$(inherited)",
				);
				PRODUCT_BUNDLE_IDENTIFIER = "com.Cocoa-Labs.MAA";
				PRODUCT_NAME = "$(TARGET_NAME)";
				VALID_ARCHS = "arm64 armv7 armv7s";
			};
			name = Debug;
		};
		55D60DAD1C08B94700963D5D /* Release */ = {
			isa = XCBuildConfiguration;
			buildSettings = {
				ASSETCATALOG_COMPILER_APPICON_NAME = AppIcon;
				CODE_SIGN_IDENTITY = "iPhone Developer";
				ENABLE_BITCODE = NO;
				FRAMEWORK_SEARCH_PATHS = (
					"$(inherited)",
					"$(PROJECT_DIR)/MAA",
				);
				GCC_PREFIX_HEADER = "MAA/MAA-Prefix.pch";
				INFOPLIST_FILE = MAA/Info.plist;
				LD_RUNPATH_SEARCH_PATHS = "$(inherited) @executable_path/Frameworks";
				LIBRARY_SEARCH_PATHS = (
					"$(inherited)",
					"$(PROJECT_DIR)/MAA/NwkHndler",
					"$(PROJECT_DIR)/MAA/FacebookHandler",
				);
				ONLY_ACTIVE_ARCH = YES;
				OTHER_LDFLAGS = (
					"-all_load",
					"-Objc",
				);
				PRODUCT_BUNDLE_IDENTIFIER = "com.Cocoa-Labs.MAA";
				PRODUCT_NAME = "$(TARGET_NAME)";
			};
			name = Release;
		};
		55D60DAF1C08B94700963D5D /* Debug */ = {
			isa = XCBuildConfiguration;
			buildSettings = {
				BUNDLE_LOADER = "$(TEST_HOST)";
				INFOPLIST_FILE = MAATests/Info.plist;
				LD_RUNPATH_SEARCH_PATHS = "$(inherited) @executable_path/Frameworks @loader_path/Frameworks";
				PRODUCT_BUNDLE_IDENTIFIER = "com.Cocoa-Labs.MAATests";
				PRODUCT_NAME = "$(TARGET_NAME)";
				TEST_HOST = "$(BUILT_PRODUCTS_DIR)/MAA.app/MAA";
			};
			name = Debug;
		};
		55D60DB01C08B94700963D5D /* Release */ = {
			isa = XCBuildConfiguration;
			buildSettings = {
				BUNDLE_LOADER = "$(TEST_HOST)";
				INFOPLIST_FILE = MAATests/Info.plist;
				LD_RUNPATH_SEARCH_PATHS = "$(inherited) @executable_path/Frameworks @loader_path/Frameworks";
				PRODUCT_BUNDLE_IDENTIFIER = "com.Cocoa-Labs.MAATests";
				PRODUCT_NAME = "$(TARGET_NAME)";
				TEST_HOST = "$(BUILT_PRODUCTS_DIR)/MAA.app/MAA";
			};
			name = Release;
		};
		55D60DB21C08B94700963D5D /* Debug */ = {
			isa = XCBuildConfiguration;
			buildSettings = {
				INFOPLIST_FILE = MAAUITests/Info.plist;
				LD_RUNPATH_SEARCH_PATHS = "$(inherited) @executable_path/Frameworks @loader_path/Frameworks";
				PRODUCT_BUNDLE_IDENTIFIER = "com.Cocoa-Labs.MAAUITests";
				PRODUCT_NAME = "$(TARGET_NAME)";
				TEST_TARGET_NAME = MAA;
				USES_XCTRUNNER = YES;
			};
			name = Debug;
		};
		55D60DB31C08B94700963D5D /* Release */ = {
			isa = XCBuildConfiguration;
			buildSettings = {
				INFOPLIST_FILE = MAAUITests/Info.plist;
				LD_RUNPATH_SEARCH_PATHS = "$(inherited) @executable_path/Frameworks @loader_path/Frameworks";
				PRODUCT_BUNDLE_IDENTIFIER = "com.Cocoa-Labs.MAAUITests";
				PRODUCT_NAME = "$(TARGET_NAME)";
				TEST_TARGET_NAME = MAA;
				USES_XCTRUNNER = YES;
			};
			name = Release;
		};
/* End XCBuildConfiguration section */

/* Begin XCConfigurationList section */
		55D60D791C08B94600963D5D /* Build configuration list for PBXProject "MAA" */ = {
			isa = XCConfigurationList;
			buildConfigurations = (
				55D60DA91C08B94700963D5D /* Debug */,
				55D60DAA1C08B94700963D5D /* Release */,
			);
			defaultConfigurationIsVisible = 0;
			defaultConfigurationName = Release;
		};
		55D60DAB1C08B94700963D5D /* Build configuration list for PBXNativeTarget "MAA" */ = {
			isa = XCConfigurationList;
			buildConfigurations = (
				55D60DAC1C08B94700963D5D /* Debug */,
				55D60DAD1C08B94700963D5D /* Release */,
			);
			defaultConfigurationIsVisible = 0;
			defaultConfigurationName = Release;
		};
		55D60DAE1C08B94700963D5D /* Build configuration list for PBXNativeTarget "MAATests" */ = {
			isa = XCConfigurationList;
			buildConfigurations = (
				55D60DAF1C08B94700963D5D /* Debug */,
				55D60DB01C08B94700963D5D /* Release */,
			);
			defaultConfigurationIsVisible = 0;
			defaultConfigurationName = Release;
		};
		55D60DB11C08B94700963D5D /* Build configuration list for PBXNativeTarget "MAAUITests" */ = {
			isa = XCConfigurationList;
			buildConfigurations = (
				55D60DB21C08B94700963D5D /* Debug */,
				55D60DB31C08B94700963D5D /* Release */,
			);
			defaultConfigurationIsVisible = 0;
			defaultConfigurationName = Release;
		};
/* End XCConfigurationList section */
	};
	rootObject = 55D60D761C08B94600963D5D /* Project object */;
}
